
Microsoft Visual Studio Solution File, Format Version 11.00
# Visual Studio 2010
Project("{8BC9CEB8-8B4A-11D0-8D11-00A0C91BC942}") = "App_BulletExampleBrowser", "App_BulletExampleBrowser.vcxproj", "{44A634BE-7597-F541-8762-4A793A56C8C6}"
	ProjectSection(ProjectDependencies) = postProject
		{E2A184F3-8CE6-D048-A374-7EE75935845A} = {E2A184F3-8CE6-D048-A374-7EE75935845A}
		{E2244631-C56F-6E40-8F9E-C905ED66A97C} = {E2244631-C56F-6E40-8F9E-C905ED66A97C}
		{8CCB6A53-738E-CE4C-9CBE-EB94D6C8E6C6} = {8CCB6A53-738E-CE4C-9CBE-EB94D6C8E6C6}
		{3311110C-5402-2D44-8F6D-48ACB776602F} = {3311110C-5402-2D44-8F6D-48ACB776602F}
		{030EF96C-D013-8845-AE9B-7633F902214C} = {030EF96C-D013-8845-AE9B-7633F902214C}
		{ED1D70CF-DD32-404A-8334-510BDCDBA80B} = {ED1D70CF-DD32-404A-8334-510BDCDBA80B}
		{9607C52F-2291-7C4F-867E-6276B6E42B25} = {9607C52F-2291-7C4F-867E-6276B6E42B25}
		{4B517C15-1450-1D46-80EB-7EBE05474DBA} = {4B517C15-1450-1D46-80EB-7EBE05474DBA}
		{BD78A507-B1AF-7F4D-8B20-3123C9ED6A2E} = {BD78A507-B1AF-7F4D-8B20-3123C9ED6A2E}
		{8677A067-53E3-2145-B7EB-6424178BF263} = {8677A067-53E3-2145-B7EB-6424178BF263}
		{8016425C-14A5-A243-8EB6-7A8FE8B9ABD6} = {8016425C-14A5-A243-8EB6-7A8FE8B9ABD6}
		{73737A29-1EBB-2A44-816C-7D29017057E5} = {73737A29-1EBB-2A44-816C-7D29017057E5}
		{4B4B9D7D-8E98-4247-8BBC-C060AD1CE81C} = {4B4B9D7D-8E98-4247-8BBC-C060AD1CE81C}
		{2D1F4D19-FA15-9545-B22D-6F8253946844} = {2D1F4D19-FA15-9545-B22D-6F8253946844}
		{8216262D-7A24-4F44-831C-7EE4CA28167B} = {8216262D-7A24-4F44-831C-7EE4CA28167B}
	EndProjectSection
EndProject
Project("{8BC9CEB8-8B4A-11D0-8D11-00A0C91BC942}") = "BulletExampleBrowserLib", "BulletExampleBrowserLib.vcxproj", "{E2A184F3-8CE6-D048-A374-7EE75935845A}"
EndProject
Project("{8BC9CEB8-8B4A-11D0-8D11-00A0C91BC942}") = "OpenGL_Window", "OpenGL_Window.vcxproj", "{8CCB6A53-738E-CE4C-9CBE-EB94D6C8E6C6}"
EndProject
Project("{8BC9CEB8-8B4A-11D0-8D11-00A0C91BC942}") = "gwen", "gwen.vcxproj", "{E2244631-C56F-6E40-8F9E-C905ED66A97C}"
EndProject
Project("{8BC9CEB8-8B4A-11D0-8D11-00A0C91BC942}") = "App_SimpleOpenGL3", "App_SimpleOpenGL3.vcxproj", "{312EF7B4-2C47-C74B-94A0-07504B754320}"
	ProjectSection(ProjectDependencies) = postProject
		{8CCB6A53-738E-CE4C-9CBE-EB94D6C8E6C6} = {8CCB6A53-738E-CE4C-9CBE-EB94D6C8E6C6}
		{8016425C-14A5-A243-8EB6-7A8FE8B9ABD6} = {8016425C-14A5-A243-8EB6-7A8FE8B9ABD6}
	EndProjectSection
EndProject
Project("{8BC9CEB8-8B4A-11D0-8D11-00A0C91BC942}") = "App_TinyRenderer", "App_TinyRenderer.vcxproj", "{264B2A6B-4EE1-A742-8D3B-6629F3392ED7}"
	ProjectSection(ProjectDependencies) = postProject
		{8CCB6A53-738E-CE4C-9CBE-EB94D6C8E6C6} = {8CCB6A53-738E-CE4C-9CBE-EB94D6C8E6C6}
		{8016425C-14A5-A243-8EB6-7A8FE8B9ABD6} = {8016425C-14A5-A243-8EB6-7A8FE8B9ABD6}
	EndProjectSection
EndProject
Project("{8BC9CEB8-8B4A-11D0-8D11-00A0C91BC942}") = "App_HelloWorld", "App_HelloWorld.vcxproj", "{F4762418-B56A-2145-8CE8-3075787C1019}"
	ProjectSection(ProjectDependencies) = postProject
		{9607C52F-2291-7C4F-867E-6276B6E42B25} = {9607C52F-2291-7C4F-867E-6276B6E42B25}
		{4B517C15-1450-1D46-80EB-7EBE05474DBA} = {4B517C15-1450-1D46-80EB-7EBE05474DBA}
		{BD78A507-B1AF-7F4D-8B20-3123C9ED6A2E} = {BD78A507-B1AF-7F4D-8B20-3123C9ED6A2E}
	EndProjectSection
EndProject
Project("{8BC9CEB8-8B4A-11D0-8D11-00A0C91BC942}") = "App_BasicExample", "App_BasicExample.vcxproj", "{9B5DA9F9-559F-4543-A6B5-2E615F5F4577}"
	ProjectSection(ProjectDependencies) = postProject
		{9607C52F-2291-7C4F-867E-6276B6E42B25} = {9607C52F-2291-7C4F-867E-6276B6E42B25}
		{4B517C15-1450-1D46-80EB-7EBE05474DBA} = {4B517C15-1450-1D46-80EB-7EBE05474DBA}
		{BD78A507-B1AF-7F4D-8B20-3123C9ED6A2E} = {BD78A507-B1AF-7F4D-8B20-3123C9ED6A2E}
	EndProjectSection
EndProject
Project("{8BC9CEB8-8B4A-11D0-8D11-00A0C91BC942}") = "App_BasicExampleGui", "App_BasicExampleGui.vcxproj", "{820EC389-D218-C245-9480-06D24CA42A05}"
	ProjectSection(ProjectDependencies) = postProject
		{9607C52F-2291-7C4F-867E-6276B6E42B25} = {9607C52F-2291-7C4F-867E-6276B6E42B25}
		{4B517C15-1450-1D46-80EB-7EBE05474DBA} = {4B517C15-1450-1D46-80EB-7EBE05474DBA}
		{BD78A507-B1AF-7F4D-8B20-3123C9ED6A2E} = {BD78A507-B1AF-7F4D-8B20-3123C9ED6A2E}
		{8CCB6A53-738E-CE4C-9CBE-EB94D6C8E6C6} = {8CCB6A53-738E-CE4C-9CBE-EB94D6C8E6C6}
		{8016425C-14A5-A243-8EB6-7A8FE8B9ABD6} = {8016425C-14A5-A243-8EB6-7A8FE8B9ABD6}
	EndProjectSection
EndProject
Project("{8BC9CEB8-8B4A-11D0-8D11-00A0C91BC942}") = "App_BasicExampleGuiWithSoftwareRenderer", "App_BasicExampleGuiWithSoftwareRenderer.vcxproj", "{53966126-331E-914F-8408-F4FB22AE8887}"
	ProjectSection(ProjectDependencies) = postProject
		{9607C52F-2291-7C4F-867E-6276B6E42B25} = {9607C52F-2291-7C4F-867E-6276B6E42B25}
		{4B517C15-1450-1D46-80EB-7EBE05474DBA} = {4B517C15-1450-1D46-80EB-7EBE05474DBA}
		{BD78A507-B1AF-7F4D-8B20-3123C9ED6A2E} = {BD78A507-B1AF-7F4D-8B20-3123C9ED6A2E}
		{8CCB6A53-738E-CE4C-9CBE-EB94D6C8E6C6} = {8CCB6A53-738E-CE4C-9CBE-EB94D6C8E6C6}
		{8016425C-14A5-A243-8EB6-7A8FE8B9ABD6} = {8016425C-14A5-A243-8EB6-7A8FE8B9ABD6}
	EndProjectSection
EndProject
Project("{8BC9CEB8-8B4A-11D0-8D11-00A0C91BC942}") = "App_BasicExampleTinyRenderer", "App_BasicExampleTinyRenderer.vcxproj", "{64C8DAB2-05F2-204B-956F-D36306C88644}"
	ProjectSection(ProjectDependencies) = postProject
		{9607C52F-2291-7C4F-867E-6276B6E42B25} = {9607C52F-2291-7C4F-867E-6276B6E42B25}
		{4B517C15-1450-1D46-80EB-7EBE05474DBA} = {4B517C15-1450-1D46-80EB-7EBE05474DBA}
		{BD78A507-B1AF-7F4D-8B20-3123C9ED6A2E} = {BD78A507-B1AF-7F4D-8B20-3123C9ED6A2E}
		{8016425C-14A5-A243-8EB6-7A8FE8B9ABD6} = {8016425C-14A5-A243-8EB6-7A8FE8B9ABD6}
	EndProjectSection
EndProject
Project("{8BC9CEB8-8B4A-11D0-8D11-00A0C91BC942}") = "App_InverseDynamicsExample", "App_InverseDynamicsExample.vcxproj", "{17BBF2F2-073E-F44C-8D17-1E737E00AB8F}"
	ProjectSection(ProjectDependencies) = postProject
		{030EF96C-D013-8845-AE9B-7633F902214C} = {030EF96C-D013-8845-AE9B-7633F902214C}
		{ED1D70CF-DD32-404A-8334-510BDCDBA80B} = {ED1D70CF-DD32-404A-8334-510BDCDBA80B}
		{8016425C-14A5-A243-8EB6-7A8FE8B9ABD6} = {8016425C-14A5-A243-8EB6-7A8FE8B9ABD6}
		{9607C52F-2291-7C4F-867E-6276B6E42B25} = {9607C52F-2291-7C4F-867E-6276B6E42B25}
		{4B517C15-1450-1D46-80EB-7EBE05474DBA} = {4B517C15-1450-1D46-80EB-7EBE05474DBA}
		{BD78A507-B1AF-7F4D-8B20-3123C9ED6A2E} = {BD78A507-B1AF-7F4D-8B20-3123C9ED6A2E}
	EndProjectSection
EndProject
Project("{8BC9CEB8-8B4A-11D0-8D11-00A0C91BC942}") = "App_InverseDynamicsExampleGui", "App_InverseDynamicsExampleGui.vcxproj", "{ED7D2339-BFAE-ED49-85F8-7A4B35047CD1}"
	ProjectSection(ProjectDependencies) = postProject
		{030EF96C-D013-8845-AE9B-7633F902214C} = {030EF96C-D013-8845-AE9B-7633F902214C}
		{ED1D70CF-DD32-404A-8334-510BDCDBA80B} = {ED1D70CF-DD32-404A-8334-510BDCDBA80B}
		{9607C52F-2291-7C4F-867E-6276B6E42B25} = {9607C52F-2291-7C4F-867E-6276B6E42B25}
		{4B517C15-1450-1D46-80EB-7EBE05474DBA} = {4B517C15-1450-1D46-80EB-7EBE05474DBA}
		{BD78A507-B1AF-7F4D-8B20-3123C9ED6A2E} = {BD78A507-B1AF-7F4D-8B20-3123C9ED6A2E}
		{8CCB6A53-738E-CE4C-9CBE-EB94D6C8E6C6} = {8CCB6A53-738E-CE4C-9CBE-EB94D6C8E6C6}
		{8016425C-14A5-A243-8EB6-7A8FE8B9ABD6} = {8016425C-14A5-A243-8EB6-7A8FE8B9ABD6}
	EndProjectSection
EndProject
Project("{8BC9CEB8-8B4A-11D0-8D11-00A0C91BC942}") = "App_InverseDynamicsExampleGuiWithSoftwareRenderer", "App_InverseDynamicsExampleGuiWithSoftwareRenderer.vcxproj", "{556EBA88-D3B5-F341-B8EF-403842874751}"
	ProjectSection(ProjectDependencies) = postProject
		{030EF96C-D013-8845-AE9B-7633F902214C} = {030EF96C-D013-8845-AE9B-7633F902214C}
		{ED1D70CF-DD32-404A-8334-510BDCDBA80B} = {ED1D70CF-DD32-404A-8334-510BDCDBA80B}
		{9607C52F-2291-7C4F-867E-6276B6E42B25} = {9607C52F-2291-7C4F-867E-6276B6E42B25}
		{4B517C15-1450-1D46-80EB-7EBE05474DBA} = {4B517C15-1450-1D46-80EB-7EBE05474DBA}
		{BD78A507-B1AF-7F4D-8B20-3123C9ED6A2E} = {BD78A507-B1AF-7F4D-8B20-3123C9ED6A2E}
		{8CCB6A53-738E-CE4C-9CBE-EB94D6C8E6C6} = {8CCB6A53-738E-CE4C-9CBE-EB94D6C8E6C6}
		{8016425C-14A5-A243-8EB6-7A8FE8B9ABD6} = {8016425C-14A5-A243-8EB6-7A8FE8B9ABD6}
	EndProjectSection
EndProject
Project("{8BC9CEB8-8B4A-11D0-8D11-00A0C91BC942}") = "App_InverseDynamicsExampleTinyRenderer", "App_InverseDynamicsExampleTinyRenderer.vcxproj", "{03600E43-D661-4E4E-92E4-3ADBDBC50A15}"
	ProjectSection(ProjectDependencies) = postProject
		{030EF96C-D013-8845-AE9B-7633F902214C} = {030EF96C-D013-8845-AE9B-7633F902214C}
		{ED1D70CF-DD32-404A-8334-510BDCDBA80B} = {ED1D70CF-DD32-404A-8334-510BDCDBA80B}
		{9607C52F-2291-7C4F-867E-6276B6E42B25} = {9607C52F-2291-7C4F-867E-6276B6E42B25}
		{4B517C15-1450-1D46-80EB-7EBE05474DBA} = {4B517C15-1450-1D46-80EB-7EBE05474DBA}
		{BD78A507-B1AF-7F4D-8B20-3123C9ED6A2E} = {BD78A507-B1AF-7F4D-8B20-3123C9ED6A2E}
		{8016425C-14A5-A243-8EB6-7A8FE8B9ABD6} = {8016425C-14A5-A243-8EB6-7A8FE8B9ABD6}
	EndProjectSection
EndProject
Project("{8BC9CEB8-8B4A-11D0-8D11-00A0C91BC942}") = "App_RigidBodyFromObjExample", "App_RigidBodyFromObjExample.vcxproj", "{10C69D48-AE47-E840-A360-DB32642215C9}"
	ProjectSection(ProjectDependencies) = postProject
		{030EF96C-D013-8845-AE9B-7633F902214C} = {030EF96C-D013-8845-AE9B-7633F902214C}
		{ED1D70CF-DD32-404A-8334-510BDCDBA80B} = {ED1D70CF-DD32-404A-8334-510BDCDBA80B}
		{8016425C-14A5-A243-8EB6-7A8FE8B9ABD6} = {8016425C-14A5-A243-8EB6-7A8FE8B9ABD6}
		{9607C52F-2291-7C4F-867E-6276B6E42B25} = {9607C52F-2291-7C4F-867E-6276B6E42B25}
		{4B517C15-1450-1D46-80EB-7EBE05474DBA} = {4B517C15-1450-1D46-80EB-7EBE05474DBA}
		{BD78A507-B1AF-7F4D-8B20-3123C9ED6A2E} = {BD78A507-B1AF-7F4D-8B20-3123C9ED6A2E}
	EndProjectSection
EndProject
Project("{8BC9CEB8-8B4A-11D0-8D11-00A0C91BC942}") = "App_RigidBodyFromObjExampleGui", "App_RigidBodyFromObjExampleGui.vcxproj", "{CE40291E-29D3-B041-871D-F7E1FB99CAEF}"
	ProjectSection(ProjectDependencies) = postProject
		{030EF96C-D013-8845-AE9B-7633F902214C} = {030EF96C-D013-8845-AE9B-7633F902214C}
		{ED1D70CF-DD32-404A-8334-510BDCDBA80B} = {ED1D70CF-DD32-404A-8334-510BDCDBA80B}
		{9607C52F-2291-7C4F-867E-6276B6E42B25} = {9607C52F-2291-7C4F-867E-6276B6E42B25}
		{4B517C15-1450-1D46-80EB-7EBE05474DBA} = {4B517C15-1450-1D46-80EB-7EBE05474DBA}
		{BD78A507-B1AF-7F4D-8B20-3123C9ED6A2E} = {BD78A507-B1AF-7F4D-8B20-3123C9ED6A2E}
		{8CCB6A53-738E-CE4C-9CBE-EB94D6C8E6C6} = {8CCB6A53-738E-CE4C-9CBE-EB94D6C8E6C6}
		{8016425C-14A5-A243-8EB6-7A8FE8B9ABD6} = {8016425C-14A5-A243-8EB6-7A8FE8B9ABD6}
	EndProjectSection
EndProject
Project("{8BC9CEB8-8B4A-11D0-8D11-00A0C91BC942}") = "App_RigidBodyFromObjExampleGuiWithSoftwareRenderer", "App_RigidBodyFromObjExampleGuiWithSoftwareRenderer.vcxproj", "{061CD1BA-0650-B343-9426-E4CEFCFA8961}"
	ProjectSection(ProjectDependencies) = postProject
		{030EF96C-D013-8845-AE9B-7633F902214C} = {030EF96C-D013-8845-AE9B-7633F902214C}
		{ED1D70CF-DD32-404A-8334-510BDCDBA80B} = {ED1D70CF-DD32-404A-8334-510BDCDBA80B}
		{9607C52F-2291-7C4F-867E-6276B6E42B25} = {9607C52F-2291-7C4F-867E-6276B6E42B25}
		{4B517C15-1450-1D46-80EB-7EBE05474DBA} = {4B517C15-1450-1D46-80EB-7EBE05474DBA}
		{BD78A507-B1AF-7F4D-8B20-3123C9ED6A2E} = {BD78A507-B1AF-7F4D-8B20-3123C9ED6A2E}
		{8CCB6A53-738E-CE4C-9CBE-EB94D6C8E6C6} = {8CCB6A53-738E-CE4C-9CBE-EB94D6C8E6C6}
		{8016425C-14A5-A243-8EB6-7A8FE8B9ABD6} = {8016425C-14A5-A243-8EB6-7A8FE8B9ABD6}
	EndProjectSection
EndProject
Project("{8BC9CEB8-8B4A-11D0-8D11-00A0C91BC942}") = "App_RigidBodyFromObjExampleTinyRenderer", "App_RigidBodyFromObjExampleTinyRenderer.vcxproj", "{7A4ED23A-526F-E24D-AB65-A509C4F8D000}"
	ProjectSection(ProjectDependencies) = postProject
		{030EF96C-D013-8845-AE9B-7633F902214C} = {030EF96C-D013-8845-AE9B-7633F902214C}
		{ED1D70CF-DD32-404A-8334-510BDCDBA80B} = {ED1D70CF-DD32-404A-8334-510BDCDBA80B}
		{9607C52F-2291-7C4F-867E-6276B6E42B25} = {9607C52F-2291-7C4F-867E-6276B6E42B25}
		{4B517C15-1450-1D46-80EB-7EBE05474DBA} = {4B517C15-1450-1D46-80EB-7EBE05474DBA}
		{BD78A507-B1AF-7F4D-8B20-3123C9ED6A2E} = {BD78A507-B1AF-7F4D-8B20-3123C9ED6A2E}
		{8016425C-14A5-A243-8EB6-7A8FE8B9ABD6} = {8016425C-14A5-A243-8EB6-7A8FE8B9ABD6}
	EndProjectSection
EndProject
Project("{8BC9CEB8-8B4A-11D0-8D11-00A0C91BC942}") = "App_SharedMemoryPhysics", "App_SharedMemoryPhysics.vcxproj", "{71E3BC58-CFE8-3241-BD9A-10B14F3FEC9B}"
	ProjectSection(ProjectDependencies) = postProject
		{8016425C-14A5-A243-8EB6-7A8FE8B9ABD6} = {8016425C-14A5-A243-8EB6-7A8FE8B9ABD6}
		{030EF96C-D013-8845-AE9B-7633F902214C} = {030EF96C-D013-8845-AE9B-7633F902214C}
		{ED1D70CF-DD32-404A-8334-510BDCDBA80B} = {ED1D70CF-DD32-404A-8334-510BDCDBA80B}
		{9607C52F-2291-7C4F-867E-6276B6E42B25} = {9607C52F-2291-7C4F-867E-6276B6E42B25}
		{4B517C15-1450-1D46-80EB-7EBE05474DBA} = {4B517C15-1450-1D46-80EB-7EBE05474DBA}
		{BD78A507-B1AF-7F4D-8B20-3123C9ED6A2E} = {BD78A507-B1AF-7F4D-8B20-3123C9ED6A2E}
		{8677A067-53E3-2145-B7EB-6424178BF263} = {8677A067-53E3-2145-B7EB-6424178BF263}
	EndProjectSection
EndProject
Project("{8BC9CEB8-8B4A-11D0-8D11-00A0C91BC942}") = "App_SharedMemoryPhysics_GUI", "App_SharedMemoryPhysics_GUI.vcxproj", "{44F72DA4-5615-094B-8311-916A44609272}"
	ProjectSection(ProjectDependencies) = postProject
		{030EF96C-D013-8845-AE9B-7633F902214C} = {030EF96C-D013-8845-AE9B-7633F902214C}
		{ED1D70CF-DD32-404A-8334-510BDCDBA80B} = {ED1D70CF-DD32-404A-8334-510BDCDBA80B}
		{9607C52F-2291-7C4F-867E-6276B6E42B25} = {9607C52F-2291-7C4F-867E-6276B6E42B25}
		{4B517C15-1450-1D46-80EB-7EBE05474DBA} = {4B517C15-1450-1D46-80EB-7EBE05474DBA}
		{BD78A507-B1AF-7F4D-8B20-3123C9ED6A2E} = {BD78A507-B1AF-7F4D-8B20-3123C9ED6A2E}
		{8CCB6A53-738E-CE4C-9CBE-EB94D6C8E6C6} = {8CCB6A53-738E-CE4C-9CBE-EB94D6C8E6C6}
		{8016425C-14A5-A243-8EB6-7A8FE8B9ABD6} = {8016425C-14A5-A243-8EB6-7A8FE8B9ABD6}
		{8677A067-53E3-2145-B7EB-6424178BF263} = {8677A067-53E3-2145-B7EB-6424178BF263}
	EndProjectSection
EndProject
Project("{8BC9CEB8-8B4A-11D0-8D11-00A0C91BC942}") = "App_SharedMemoryPhysics_VR", "App_SharedMemoryPhysics_VR.vcxproj", "{B32A8B8D-C194-9448-8788-4C012C7CCFA0}"
	ProjectSection(ProjectDependencies) = postProject
		{030EF96C-D013-8845-AE9B-7633F902214C} = {030EF96C-D013-8845-AE9B-7633F902214C}
		{ED1D70CF-DD32-404A-8334-510BDCDBA80B} = {ED1D70CF-DD32-404A-8334-510BDCDBA80B}
		{8016425C-14A5-A243-8EB6-7A8FE8B9ABD6} = {8016425C-14A5-A243-8EB6-7A8FE8B9ABD6}
		{9607C52F-2291-7C4F-867E-6276B6E42B25} = {9607C52F-2291-7C4F-867E-6276B6E42B25}
		{4B517C15-1450-1D46-80EB-7EBE05474DBA} = {4B517C15-1450-1D46-80EB-7EBE05474DBA}
		{BD78A507-B1AF-7F4D-8B20-3123C9ED6A2E} = {BD78A507-B1AF-7F4D-8B20-3123C9ED6A2E}
		{8CCB6A53-738E-CE4C-9CBE-EB94D6C8E6C6} = {8CCB6A53-738E-CE4C-9CBE-EB94D6C8E6C6}
		{8677A067-53E3-2145-B7EB-6424178BF263} = {8677A067-53E3-2145-B7EB-6424178BF263}
	EndProjectSection
EndProject
Project("{8BC9CEB8-8B4A-11D0-8D11-00A0C91BC942}") = "App_PhysicsServerSharedMemoryBridgeUDP", "App_PhysicsServerSharedMemoryBridgeUDP.vcxproj", "{F7158D93-7888-D548-91A4-B41D353AE9C4}"
	ProjectSection(ProjectDependencies) = postProject
		{72C1F0FB-3795-364E-ADD9-2206981D936F} = {72C1F0FB-3795-364E-ADD9-2206981D936F}
		{4186A481-F574-FC4F-A77F-4886C84125EA} = {4186A481-F574-FC4F-A77F-4886C84125EA}
		{8016425C-14A5-A243-8EB6-7A8FE8B9ABD6} = {8016425C-14A5-A243-8EB6-7A8FE8B9ABD6}
		{BD78A507-B1AF-7F4D-8B20-3123C9ED6A2E} = {BD78A507-B1AF-7F4D-8B20-3123C9ED6A2E}
	EndProjectSection
EndProject
Project("{8BC9CEB8-8B4A-11D0-8D11-00A0C91BC942}") = "App_PhysicsServerUDP", "App_PhysicsServerUDP.vcxproj", "{87B69A68-FBC7-2448-8D15-F61DED891472}"
	ProjectSection(ProjectDependencies) = postProject
		{72C1F0FB-3795-364E-ADD9-2206981D936F} = {72C1F0FB-3795-364E-ADD9-2206981D936F}
		{8016425C-14A5-A243-8EB6-7A8FE8B9ABD6} = {8016425C-14A5-A243-8EB6-7A8FE8B9ABD6}
		{030EF96C-D013-8845-AE9B-7633F902214C} = {030EF96C-D013-8845-AE9B-7633F902214C}
		{ED1D70CF-DD32-404A-8334-510BDCDBA80B} = {ED1D70CF-DD32-404A-8334-510BDCDBA80B}
		{9607C52F-2291-7C4F-867E-6276B6E42B25} = {9607C52F-2291-7C4F-867E-6276B6E42B25}
		{4B517C15-1450-1D46-80EB-7EBE05474DBA} = {4B517C15-1450-1D46-80EB-7EBE05474DBA}
		{BD78A507-B1AF-7F4D-8B20-3123C9ED6A2E} = {BD78A507-B1AF-7F4D-8B20-3123C9ED6A2E}
		{8677A067-53E3-2145-B7EB-6424178BF263} = {8677A067-53E3-2145-B7EB-6424178BF263}
	EndProjectSection
EndProject
Project("{8BC9CEB8-8B4A-11D0-8D11-00A0C91BC942}") = "BussIK", "BussIK.vcxproj", "{8677A067-53E3-2145-B7EB-6424178BF263}"
EndProject
Project("{8BC9CEB8-8B4A-11D0-8D11-00A0C91BC942}") = "App_ThreadingTest", "App_ThreadingTest.vcxproj", "{9671C36F-5AD3-3141-8ABA-D7292765F99F}"
	ProjectSection(ProjectDependencies) = postProject
		{8016425C-14A5-A243-8EB6-7A8FE8B9ABD6} = {8016425C-14A5-A243-8EB6-7A8FE8B9ABD6}
	EndProjectSection
EndProject
Project("{8BC9CEB8-8B4A-11D0-8D11-00A0C91BC942}") = "Test_SharedMemoryPhysicsClient", "Test_SharedMemoryPhysicsClient.vcxproj", "{91A0ABF3-F903-0347-B960-625CA0A10103}"
	ProjectSection(ProjectDependencies) = postProject
		{4186A481-F574-FC4F-A77F-4886C84125EA} = {4186A481-F574-FC4F-A77F-4886C84125EA}
		{8016425C-14A5-A243-8EB6-7A8FE8B9ABD6} = {8016425C-14A5-A243-8EB6-7A8FE8B9ABD6}
		{BD78A507-B1AF-7F4D-8B20-3123C9ED6A2E} = {BD78A507-B1AF-7F4D-8B20-3123C9ED6A2E}
	EndProjectSection
EndProject
Project("{8BC9CEB8-8B4A-11D0-8D11-00A0C91BC942}") = "Test_PhysicsServerLoopBack", "Test_PhysicsServerLoopBack.vcxproj", "{6854A6E3-379B-024B-B860-1490ABC69FF9}"
	ProjectSection(ProjectDependencies) = postProject
		{030EF96C-D013-8845-AE9B-7633F902214C} = {030EF96C-D013-8845-AE9B-7633F902214C}
		{ED1D70CF-DD32-404A-8334-510BDCDBA80B} = {ED1D70CF-DD32-404A-8334-510BDCDBA80B}
		{4186A481-F574-FC4F-A77F-4886C84125EA} = {4186A481-F574-FC4F-A77F-4886C84125EA}
		{D8134910-C156-0242-ADB9-538ABE4AA5B5} = {D8134910-C156-0242-ADB9-538ABE4AA5B5}
		{8016425C-14A5-A243-8EB6-7A8FE8B9ABD6} = {8016425C-14A5-A243-8EB6-7A8FE8B9ABD6}
		{9607C52F-2291-7C4F-867E-6276B6E42B25} = {9607C52F-2291-7C4F-867E-6276B6E42B25}
		{4B517C15-1450-1D46-80EB-7EBE05474DBA} = {4B517C15-1450-1D46-80EB-7EBE05474DBA}
		{8677A067-53E3-2145-B7EB-6424178BF263} = {8677A067-53E3-2145-B7EB-6424178BF263}
		{BD78A507-B1AF-7F4D-8B20-3123C9ED6A2E} = {BD78A507-B1AF-7F4D-8B20-3123C9ED6A2E}
	EndProjectSection
EndProject
Project("{8BC9CEB8-8B4A-11D0-8D11-00A0C91BC942}") = "Test_PhysicsServerDirect", "Test_PhysicsServerDirect.vcxproj", "{530B1018-516B-674A-9D3D-34555AD159DA}"
	ProjectSection(ProjectDependencies) = postProject
		{030EF96C-D013-8845-AE9B-7633F902214C} = {030EF96C-D013-8845-AE9B-7633F902214C}
		{ED1D70CF-DD32-404A-8334-510BDCDBA80B} = {ED1D70CF-DD32-404A-8334-510BDCDBA80B}
		{4186A481-F574-FC4F-A77F-4886C84125EA} = {4186A481-F574-FC4F-A77F-4886C84125EA}
		{D8134910-C156-0242-ADB9-538ABE4AA5B5} = {D8134910-C156-0242-ADB9-538ABE4AA5B5}
		{8016425C-14A5-A243-8EB6-7A8FE8B9ABD6} = {8016425C-14A5-A243-8EB6-7A8FE8B9ABD6}
		{9607C52F-2291-7C4F-867E-6276B6E42B25} = {9607C52F-2291-7C4F-867E-6276B6E42B25}
		{4B517C15-1450-1D46-80EB-7EBE05474DBA} = {4B517C15-1450-1D46-80EB-7EBE05474DBA}
		{8677A067-53E3-2145-B7EB-6424178BF263} = {8677A067-53E3-2145-B7EB-6424178BF263}
		{BD78A507-B1AF-7F4D-8B20-3123C9ED6A2E} = {BD78A507-B1AF-7F4D-8B20-3123C9ED6A2E}
	EndProjectSection
EndProject
Project("{8BC9CEB8-8B4A-11D0-8D11-00A0C91BC942}") = "Test_PhysicsServerInProcessExampleBrowser", "Test_PhysicsServerInProcessExampleBrowser.vcxproj", "{8CA4FBF7-8D24-244E-ACDF-828C73067F99}"
	ProjectSection(ProjectDependencies) = postProject
		{E2A184F3-8CE6-D048-A374-7EE75935845A} = {E2A184F3-8CE6-D048-A374-7EE75935845A}
		{E2244631-C56F-6E40-8F9E-C905ED66A97C} = {E2244631-C56F-6E40-8F9E-C905ED66A97C}
		{8CCB6A53-738E-CE4C-9CBE-EB94D6C8E6C6} = {8CCB6A53-738E-CE4C-9CBE-EB94D6C8E6C6}
		{4186A481-F574-FC4F-A77F-4886C84125EA} = {4186A481-F574-FC4F-A77F-4886C84125EA}
		{D8134910-C156-0242-ADB9-538ABE4AA5B5} = {D8134910-C156-0242-ADB9-538ABE4AA5B5}
		{3311110C-5402-2D44-8F6D-48ACB776602F} = {3311110C-5402-2D44-8F6D-48ACB776602F}
		{030EF96C-D013-8845-AE9B-7633F902214C} = {030EF96C-D013-8845-AE9B-7633F902214C}
		{ED1D70CF-DD32-404A-8334-510BDCDBA80B} = {ED1D70CF-DD32-404A-8334-510BDCDBA80B}
		{9607C52F-2291-7C4F-867E-6276B6E42B25} = {9607C52F-2291-7C4F-867E-6276B6E42B25}
		{4B517C15-1450-1D46-80EB-7EBE05474DBA} = {4B517C15-1450-1D46-80EB-7EBE05474DBA}
		{BD78A507-B1AF-7F4D-8B20-3123C9ED6A2E} = {BD78A507-B1AF-7F4D-8B20-3123C9ED6A2E}
		{8677A067-53E3-2145-B7EB-6424178BF263} = {8677A067-53E3-2145-B7EB-6424178BF263}
		{8016425C-14A5-A243-8EB6-7A8FE8B9ABD6} = {8016425C-14A5-A243-8EB6-7A8FE8B9ABD6}
		{73737A29-1EBB-2A44-816C-7D29017057E5} = {73737A29-1EBB-2A44-816C-7D29017057E5}
		{4B4B9D7D-8E98-4247-8BBC-C060AD1CE81C} = {4B4B9D7D-8E98-4247-8BBC-C060AD1CE81C}
		{2D1F4D19-FA15-9545-B22D-6F8253946844} = {2D1F4D19-FA15-9545-B22D-6F8253946844}
		{8216262D-7A24-4F44-831C-7EE4CA28167B} = {8216262D-7A24-4F44-831C-7EE4CA28167B}
	EndProjectSection
EndProject
Project("{8BC9CEB8-8B4A-11D0-8D11-00A0C91BC942}") = "enet", "enet.vcxproj", "{72C1F0FB-3795-364E-ADD9-2206981D936F}"
EndProject
Project("{8BC9CEB8-8B4A-11D0-8D11-00A0C91BC942}") = "Test_enet_nat_punchthrough_client", "Test_enet_nat_punchthrough_client.vcxproj", "{948ABEF9-4C88-934B-917B-C5CBBD392343}"
	ProjectSection(ProjectDependencies) = postProject
		{72C1F0FB-3795-364E-ADD9-2206981D936F} = {72C1F0FB-3795-364E-ADD9-2206981D936F}
	EndProjectSection
EndProject
Project("{8BC9CEB8-8B4A-11D0-8D11-00A0C91BC942}") = "Test_enet_nat_punchthrough_server", "Test_enet_nat_punchthrough_server.vcxproj", "{554923BA-1BD4-384F-BB4B-FD4CDB1CE5B1}"
	ProjectSection(ProjectDependencies) = postProject
		{72C1F0FB-3795-364E-ADD9-2206981D936F} = {72C1F0FB-3795-364E-ADD9-2206981D936F}
	EndProjectSection
EndProject
Project("{8BC9CEB8-8B4A-11D0-8D11-00A0C91BC942}") = "Test_enet_chat_client", "Test_enet_chat_client.vcxproj", "{5317D0D0-CF8C-5A48-9C15-7CD36940719D}"
	ProjectSection(ProjectDependencies) = postProject
		{72C1F0FB-3795-364E-ADD9-2206981D936F} = {72C1F0FB-3795-364E-ADD9-2206981D936F}
	EndProjectSection
EndProject
Project("{8BC9CEB8-8B4A-11D0-8D11-00A0C91BC942}") = "Test_enet_chat_server", "Test_enet_chat_server.vcxproj", "{88CB0792-4E5A-5E41-876C-A50AF260DE84}"
	ProjectSection(ProjectDependencies) = postProject
		{72C1F0FB-3795-364E-ADD9-2206981D936F} = {72C1F0FB-3795-364E-ADD9-2206981D936F}
	EndProjectSection
EndProject
Project("{8BC9CEB8-8B4A-11D0-8D11-00A0C91BC942}") = "Bullet3Common", "Bullet3Common.vcxproj", "{8016425C-14A5-A243-8EB6-7A8FE8B9ABD6}"
EndProject
Project("{8BC9CEB8-8B4A-11D0-8D11-00A0C91BC942}") = "Bullet3Geometry", "Bullet3Geometry.vcxproj", "{8216262D-7A24-4F44-831C-7EE4CA28167B}"
EndProject
Project("{8BC9CEB8-8B4A-11D0-8D11-00A0C91BC942}") = "Bullet3Collision", "Bullet3Collision.vcxproj", "{2D1F4D19-FA15-9545-B22D-6F8253946844}"
EndProject
Project("{8BC9CEB8-8B4A-11D0-8D11-00A0C91BC942}") = "Bullet3Dynamics", "Bullet3Dynamics.vcxproj", "{4B4B9D7D-8E98-4247-8BBC-C060AD1CE81C}"
EndProject
Project("{8BC9CEB8-8B4A-11D0-8D11-00A0C91BC942}") = "Bullet3OpenCL_clew", "Bullet3OpenCL_clew.vcxproj", "{73737A29-1EBB-2A44-816C-7D29017057E5}"
EndProject
Project("{8BC9CEB8-8B4A-11D0-8D11-00A0C91BC942}") = "Bullet2FileLoader", "Bullet2FileLoader.vcxproj", "{7B9F6D56-678A-8F4F-BF24-CCFAABBC13A5}"
EndProject
Project("{8BC9CEB8-8B4A-11D0-8D11-00A0C91BC942}") = "HACD", "HACD.vcxproj", "{EC022F8A-68E4-984D-BB59-75030F3FB233}"
EndProject
Project("{8BC9CEB8-8B4A-11D0-8D11-00A0C91BC942}") = "vhacd", "vhacd.vcxproj", "{2E9499DC-2A99-8B41-BD10-B5B0C73B2725}"
EndProject
Project("{8BC9CEB8-8B4A-11D0-8D11-00A0C91BC942}") = "test_vhacd", "test_vhacd.vcxproj", "{E2354B82-64AF-1349-9B68-45BD5E17E7F0}"
	ProjectSection(ProjectDependencies) = postProject
		{2E9499DC-2A99-8B41-BD10-B5B0C73B2725} = {2E9499DC-2A99-8B41-BD10-B5B0C73B2725}
	EndProjectSection
EndProject
Project("{8BC9CEB8-8B4A-11D0-8D11-00A0C91BC942}") = "ConvexDecomposition", "ConvexDecomposition.vcxproj", "{1F573864-C83D-8A40-B567-50027C82FAC8}"
EndProject
Project("{8BC9CEB8-8B4A-11D0-8D11-00A0C91BC942}") = "BulletInverseDynamicsUtils", "BulletInverseDynamicsUtils.vcxproj", "{030EF96C-D013-8845-AE9B-7633F902214C}"
EndProject
Project("{8BC9CEB8-8B4A-11D0-8D11-00A0C91BC942}") = "BulletFileLoader", "BulletFileLoader.vcxproj", "{4186A481-F574-FC4F-A77F-4886C84125EA}"
EndProject
Project("{8BC9CEB8-8B4A-11D0-8D11-00A0C91BC942}") = "BulletWorldImporter", "BulletWorldImporter.vcxproj", "{D8134910-C156-0242-ADB9-538ABE4AA5B5}"
EndProject
Project("{8BC9CEB8-8B4A-11D0-8D11-00A0C91BC942}") = "BulletXmlWorldImporter", "BulletXmlWorldImporter.vcxproj", "{73EA9C71-8AE3-A648-9D95-C3848FA038D0}"
EndProject
Project("{8BC9CEB8-8B4A-11D0-8D11-00A0C91BC942}") = "Test_LinearMath", "Test_LinearMath.vcxproj", "{0913FBBA-506F-A149-9742-604C4B5F90D4}"
	ProjectSection(ProjectDependencies) = postProject
		{9607C52F-2291-7C4F-867E-6276B6E42B25} = {9607C52F-2291-7C4F-867E-6276B6E42B25}
		{4B517C15-1450-1D46-80EB-7EBE05474DBA} = {4B517C15-1450-1D46-80EB-7EBE05474DBA}
		{BD78A507-B1AF-7F4D-8B20-3123C9ED6A2E} = {BD78A507-B1AF-7F4D-8B20-3123C9ED6A2E}
	EndProjectSection
EndProject
Project("{8BC9CEB8-8B4A-11D0-8D11-00A0C91BC942}") = "gtest", "gtest.vcxproj", "{150971AA-C716-334E-AE77-BD496430C89D}"
EndProject
Project("{8BC9CEB8-8B4A-11D0-8D11-00A0C91BC942}") = "Test_BulletCollision", "Test_BulletCollision.vcxproj", "{21E1A622-335D-1544-9664-9185C5F8E957}"
	ProjectSection(ProjectDependencies) = postProject
		{BD78A507-B1AF-7F4D-8B20-3123C9ED6A2E} = {BD78A507-B1AF-7F4D-8B20-3123C9ED6A2E}
		{150971AA-C716-334E-AE77-BD496430C89D} = {150971AA-C716-334E-AE77-BD496430C89D}
	EndProjectSection
EndProject
Project("{8BC9CEB8-8B4A-11D0-8D11-00A0C91BC942}") = "Test_BulletDynamics", "Test_BulletDynamics.vcxproj", "{C8E256A3-FAF6-8647-8FA8-A6E564F666E1}"
	ProjectSection(ProjectDependencies) = postProject
		{9607C52F-2291-7C4F-867E-6276B6E42B25} = {9607C52F-2291-7C4F-867E-6276B6E42B25}
		{4B517C15-1450-1D46-80EB-7EBE05474DBA} = {4B517C15-1450-1D46-80EB-7EBE05474DBA}
		{BD78A507-B1AF-7F4D-8B20-3123C9ED6A2E} = {BD78A507-B1AF-7F4D-8B20-3123C9ED6A2E}
		{150971AA-C716-334E-AE77-BD496430C89D} = {150971AA-C716-334E-AE77-BD496430C89D}
	EndProjectSection
EndProject
Project("{8BC9CEB8-8B4A-11D0-8D11-00A0C91BC942}") = "Test_InverseDynamicsKinematics", "Test_InverseDynamicsKinematics.vcxproj", "{E078C53D-DDF3-7942-8750-AE1C709816F4}"
	ProjectSection(ProjectDependencies) = postProject
		{030EF96C-D013-8845-AE9B-7633F902214C} = {030EF96C-D013-8845-AE9B-7633F902214C}
		{ED1D70CF-DD32-404A-8334-510BDCDBA80B} = {ED1D70CF-DD32-404A-8334-510BDCDBA80B}
		{8016425C-14A5-A243-8EB6-7A8FE8B9ABD6} = {8016425C-14A5-A243-8EB6-7A8FE8B9ABD6}
		{BD78A507-B1AF-7F4D-8B20-3123C9ED6A2E} = {BD78A507-B1AF-7F4D-8B20-3123C9ED6A2E}
		{150971AA-C716-334E-AE77-BD496430C89D} = {150971AA-C716-334E-AE77-BD496430C89D}
	EndProjectSection
EndProject
Project("{8BC9CEB8-8B4A-11D0-8D11-00A0C91BC942}") = "Test_InverseDynamicsJacobian", "Test_InverseDynamicsJacobian.vcxproj", "{B4F77CA1-7138-8349-9BA2-870B0AEEAA81}"
	ProjectSection(ProjectDependencies) = postProject
		{030EF96C-D013-8845-AE9B-7633F902214C} = {030EF96C-D013-8845-AE9B-7633F902214C}
		{ED1D70CF-DD32-404A-8334-510BDCDBA80B} = {ED1D70CF-DD32-404A-8334-510BDCDBA80B}
		{8016425C-14A5-A243-8EB6-7A8FE8B9ABD6} = {8016425C-14A5-A243-8EB6-7A8FE8B9ABD6}
		{BD78A507-B1AF-7F4D-8B20-3123C9ED6A2E} = {BD78A507-B1AF-7F4D-8B20-3123C9ED6A2E}
		{150971AA-C716-334E-AE77-BD496430C89D} = {150971AA-C716-334E-AE77-BD496430C89D}
	EndProjectSection
EndProject
Project("{8BC9CEB8-8B4A-11D0-8D11-00A0C91BC942}") = "Test_InverseForwardDynamics", "Test_InverseForwardDynamics.vcxproj", "{2EF87104-2405-2240-A79D-376DFCD21E66}"
	ProjectSection(ProjectDependencies) = postProject
		{9607C52F-2291-7C4F-867E-6276B6E42B25} = {9607C52F-2291-7C4F-867E-6276B6E42B25}
		{4B517C15-1450-1D46-80EB-7EBE05474DBA} = {4B517C15-1450-1D46-80EB-7EBE05474DBA}
		{030EF96C-D013-8845-AE9B-7633F902214C} = {030EF96C-D013-8845-AE9B-7633F902214C}
		{ED1D70CF-DD32-404A-8334-510BDCDBA80B} = {ED1D70CF-DD32-404A-8334-510BDCDBA80B}
		{8016425C-14A5-A243-8EB6-7A8FE8B9ABD6} = {8016425C-14A5-A243-8EB6-7A8FE8B9ABD6}
		{BD78A507-B1AF-7F4D-8B20-3123C9ED6A2E} = {BD78A507-B1AF-7F4D-8B20-3123C9ED6A2E}
		{150971AA-C716-334E-AE77-BD496430C89D} = {150971AA-C716-334E-AE77-BD496430C89D}
	EndProjectSection
EndProject
Project("{8BC9CEB8-8B4A-11D0-8D11-00A0C91BC942}") = "Test_OpenCL_Bullet3", "Test_OpenCL_Bullet3.vcxproj", "{70A4C788-BDA0-CC41-8663-EE67C714678D}"
	ProjectSection(ProjectDependencies) = postProject
		{150971AA-C716-334E-AE77-BD496430C89D} = {150971AA-C716-334E-AE77-BD496430C89D}
		{73737A29-1EBB-2A44-816C-7D29017057E5} = {73737A29-1EBB-2A44-816C-7D29017057E5}
		{8016425C-14A5-A243-8EB6-7A8FE8B9ABD6} = {8016425C-14A5-A243-8EB6-7A8FE8B9ABD6}
	EndProjectSection
EndProject
Project("{8BC9CEB8-8B4A-11D0-8D11-00A0C91BC942}") = "Test_Gwen_OpenGL", "Test_Gwen_OpenGL.vcxproj", "{590F2729-E61B-D841-B068-9B3A37DCA221}"
	ProjectSection(ProjectDependencies) = postProject
		{E2244631-C56F-6E40-8F9E-C905ED66A97C} = {E2244631-C56F-6E40-8F9E-C905ED66A97C}
	EndProjectSection
EndProject
Project("{8BC9CEB8-8B4A-11D0-8D11-00A0C91BC942}") = "BulletInverseDynamics", "BulletInverseDynamics.vcxproj", "{ED1D70CF-DD32-404A-8334-510BDCDBA80B}"
EndProject
Project("{8BC9CEB8-8B4A-11D0-8D11-00A0C91BC942}") = "BulletSoftBody", "BulletSoftBody.vcxproj", "{3311110C-5402-2D44-8F6D-48ACB776602F}"
EndProject
Project("{8BC9CEB8-8B4A-11D0-8D11-00A0C91BC942}") = "BulletDynamics", "BulletDynamics.vcxproj", "{9607C52F-2291-7C4F-867E-6276B6E42B25}"
EndProject
Project("{8BC9CEB8-8B4A-11D0-8D11-00A0C91BC942}") = "BulletCollision", "BulletCollision.vcxproj", "{4B517C15-1450-1D46-80EB-7EBE05474DBA}"
EndProject
Project("{8BC9CEB8-8B4A-11D0-8D11-00A0C91BC942}") = "LinearMath", "LinearMath.vcxproj", "{BD78A507-B1AF-7F4D-8B20-3123C9ED6A2E}"
EndProject
Global
	GlobalSection(SolutionConfigurationPlatforms) = preSolution
		Release|Win32 = Release|Win32
		Release|x64 = Release|x64
		Debug|Win32 = Debug|Win32
		Debug|x64 = Debug|x64
	EndGlobalSection
	GlobalSection(ProjectConfigurationPlatforms) = postSolution
		{44A634BE-7597-F541-8762-4A793A56C8C6}.Release|Win32.ActiveCfg = Release|Win32
		{44A634BE-7597-F541-8762-4A793A56C8C6}.Release|Win32.Build.0 = Release|Win32
		{44A634BE-7597-F541-8762-4A793A56C8C6}.Release|x64.ActiveCfg = Release|x64
		{44A634BE-7597-F541-8762-4A793A56C8C6}.Release|x64.Build.0 = Release|x64
		{44A634BE-7597-F541-8762-4A793A56C8C6}.Debug|Win32.ActiveCfg = Debug|Win32
		{44A634BE-7597-F541-8762-4A793A56C8C6}.Debug|Win32.Build.0 = Debug|Win32
		{44A634BE-7597-F541-8762-4A793A56C8C6}.Debug|x64.ActiveCfg = Debug|x64
		{44A634BE-7597-F541-8762-4A793A56C8C6}.Debug|x64.Build.0 = Debug|x64
		{E2A184F3-8CE6-D048-A374-7EE75935845A}.Release|Win32.ActiveCfg = Release|Win32
		{E2A184F3-8CE6-D048-A374-7EE75935845A}.Release|Win32.Build.0 = Release|Win32
		{E2A184F3-8CE6-D048-A374-7EE75935845A}.Release|x64.ActiveCfg = Release|x64
		{E2A184F3-8CE6-D048-A374-7EE75935845A}.Release|x64.Build.0 = Release|x64
		{E2A184F3-8CE6-D048-A374-7EE75935845A}.Debug|Win32.ActiveCfg = Debug|Win32
		{E2A184F3-8CE6-D048-A374-7EE75935845A}.Debug|Win32.Build.0 = Debug|Win32
		{E2A184F3-8CE6-D048-A374-7EE75935845A}.Debug|x64.ActiveCfg = Debug|x64
		{E2A184F3-8CE6-D048-A374-7EE75935845A}.Debug|x64.Build.0 = Debug|x64
		{8CCB6A53-738E-CE4C-9CBE-EB94D6C8E6C6}.Release|Win32.ActiveCfg = Release|Win32
		{8CCB6A53-738E-CE4C-9CBE-EB94D6C8E6C6}.Release|Win32.Build.0 = Release|Win32
		{8CCB6A53-738E-CE4C-9CBE-EB94D6C8E6C6}.Release|x64.ActiveCfg = Release|x64
		{8CCB6A53-738E-CE4C-9CBE-EB94D6C8E6C6}.Release|x64.Build.0 = Release|x64
		{8CCB6A53-738E-CE4C-9CBE-EB94D6C8E6C6}.Debug|Win32.ActiveCfg = Debug|Win32
		{8CCB6A53-738E-CE4C-9CBE-EB94D6C8E6C6}.Debug|Win32.Build.0 = Debug|Win32
		{8CCB6A53-738E-CE4C-9CBE-EB94D6C8E6C6}.Debug|x64.ActiveCfg = Debug|x64
		{8CCB6A53-738E-CE4C-9CBE-EB94D6C8E6C6}.Debug|x64.Build.0 = Debug|x64
		{E2244631-C56F-6E40-8F9E-C905ED66A97C}.Release|Win32.ActiveCfg = Release|Win32
		{E2244631-C56F-6E40-8F9E-C905ED66A97C}.Release|Win32.Build.0 = Release|Win32
		{E2244631-C56F-6E40-8F9E-C905ED66A97C}.Release|x64.ActiveCfg = Release|x64
		{E2244631-C56F-6E40-8F9E-C905ED66A97C}.Release|x64.Build.0 = Release|x64
		{E2244631-C56F-6E40-8F9E-C905ED66A97C}.Debug|Win32.ActiveCfg = Debug|Win32
		{E2244631-C56F-6E40-8F9E-C905ED66A97C}.Debug|Win32.Build.0 = Debug|Win32
		{E2244631-C56F-6E40-8F9E-C905ED66A97C}.Debug|x64.ActiveCfg = Debug|x64
		{E2244631-C56F-6E40-8F9E-C905ED66A97C}.Debug|x64.Build.0 = Debug|x64
		{312EF7B4-2C47-C74B-94A0-07504B754320}.Release|Win32.ActiveCfg = Release|Win32
		{312EF7B4-2C47-C74B-94A0-07504B754320}.Release|Win32.Build.0 = Release|Win32
		{312EF7B4-2C47-C74B-94A0-07504B754320}.Release|x64.ActiveCfg = Release|x64
		{312EF7B4-2C47-C74B-94A0-07504B754320}.Release|x64.Build.0 = Release|x64
		{312EF7B4-2C47-C74B-94A0-07504B754320}.Debug|Win32.ActiveCfg = Debug|Win32
		{312EF7B4-2C47-C74B-94A0-07504B754320}.Debug|Win32.Build.0 = Debug|Win32
		{312EF7B4-2C47-C74B-94A0-07504B754320}.Debug|x64.ActiveCfg = Debug|x64
		{312EF7B4-2C47-C74B-94A0-07504B754320}.Debug|x64.Build.0 = Debug|x64
		{264B2A6B-4EE1-A742-8D3B-6629F3392ED7}.Release|Win32.ActiveCfg = Release|Win32
		{264B2A6B-4EE1-A742-8D3B-6629F3392ED7}.Release|Win32.Build.0 = Release|Win32
		{264B2A6B-4EE1-A742-8D3B-6629F3392ED7}.Release|x64.ActiveCfg = Release|x64
		{264B2A6B-4EE1-A742-8D3B-6629F3392ED7}.Release|x64.Build.0 = Release|x64
		{264B2A6B-4EE1-A742-8D3B-6629F3392ED7}.Debug|Win32.ActiveCfg = Debug|Win32
		{264B2A6B-4EE1-A742-8D3B-6629F3392ED7}.Debug|Win32.Build.0 = Debug|Win32
		{264B2A6B-4EE1-A742-8D3B-6629F3392ED7}.Debug|x64.ActiveCfg = Debug|x64
		{264B2A6B-4EE1-A742-8D3B-6629F3392ED7}.Debug|x64.Build.0 = Debug|x64
		{F4762418-B56A-2145-8CE8-3075787C1019}.Release|Win32.ActiveCfg = Release|Win32
		{F4762418-B56A-2145-8CE8-3075787C1019}.Release|Win32.Build.0 = Release|Win32
		{F4762418-B56A-2145-8CE8-3075787C1019}.Release|x64.ActiveCfg = Release|x64
		{F4762418-B56A-2145-8CE8-3075787C1019}.Release|x64.Build.0 = Release|x64
		{F4762418-B56A-2145-8CE8-3075787C1019}.Debug|Win32.ActiveCfg = Debug|Win32
		{F4762418-B56A-2145-8CE8-3075787C1019}.Debug|Win32.Build.0 = Debug|Win32
		{F4762418-B56A-2145-8CE8-3075787C1019}.Debug|x64.ActiveCfg = Debug|x64
		{F4762418-B56A-2145-8CE8-3075787C1019}.Debug|x64.Build.0 = Debug|x64
		{9B5DA9F9-559F-4543-A6B5-2E615F5F4577}.Release|Win32.ActiveCfg = Release|Win32
		{9B5DA9F9-559F-4543-A6B5-2E615F5F4577}.Release|Win32.Build.0 = Release|Win32
		{9B5DA9F9-559F-4543-A6B5-2E615F5F4577}.Release|x64.ActiveCfg = Release|x64
		{9B5DA9F9-559F-4543-A6B5-2E615F5F4577}.Release|x64.Build.0 = Release|x64
		{9B5DA9F9-559F-4543-A6B5-2E615F5F4577}.Debug|Win32.ActiveCfg = Debug|Win32
		{9B5DA9F9-559F-4543-A6B5-2E615F5F4577}.Debug|Win32.Build.0 = Debug|Win32
		{9B5DA9F9-559F-4543-A6B5-2E615F5F4577}.Debug|x64.ActiveCfg = Debug|x64
		{9B5DA9F9-559F-4543-A6B5-2E615F5F4577}.Debug|x64.Build.0 = Debug|x64
		{820EC389-D218-C245-9480-06D24CA42A05}.Release|Win32.ActiveCfg = Release|Win32
		{820EC389-D218-C245-9480-06D24CA42A05}.Release|Win32.Build.0 = Release|Win32
		{820EC389-D218-C245-9480-06D24CA42A05}.Release|x64.ActiveCfg = Release|x64
		{820EC389-D218-C245-9480-06D24CA42A05}.Release|x64.Build.0 = Release|x64
		{820EC389-D218-C245-9480-06D24CA42A05}.Debug|Win32.ActiveCfg = Debug|Win32
		{820EC389-D218-C245-9480-06D24CA42A05}.Debug|Win32.Build.0 = Debug|Win32
		{820EC389-D218-C245-9480-06D24CA42A05}.Debug|x64.ActiveCfg = Debug|x64
		{820EC389-D218-C245-9480-06D24CA42A05}.Debug|x64.Build.0 = Debug|x64
		{53966126-331E-914F-8408-F4FB22AE8887}.Release|Win32.ActiveCfg = Release|Win32
		{53966126-331E-914F-8408-F4FB22AE8887}.Release|Win32.Build.0 = Release|Win32
		{53966126-331E-914F-8408-F4FB22AE8887}.Release|x64.ActiveCfg = Release|x64
		{53966126-331E-914F-8408-F4FB22AE8887}.Release|x64.Build.0 = Release|x64
		{53966126-331E-914F-8408-F4FB22AE8887}.Debug|Win32.ActiveCfg = Debug|Win32
		{53966126-331E-914F-8408-F4FB22AE8887}.Debug|Win32.Build.0 = Debug|Win32
		{53966126-331E-914F-8408-F4FB22AE8887}.Debug|x64.ActiveCfg = Debug|x64
		{53966126-331E-914F-8408-F4FB22AE8887}.Debug|x64.Build.0 = Debug|x64
		{64C8DAB2-05F2-204B-956F-D36306C88644}.Release|Win32.ActiveCfg = Release|Win32
		{64C8DAB2-05F2-204B-956F-D36306C88644}.Release|Win32.Build.0 = Release|Win32
		{64C8DAB2-05F2-204B-956F-D36306C88644}.Release|x64.ActiveCfg = Release|x64
		{64C8DAB2-05F2-204B-956F-D36306C88644}.Release|x64.Build.0 = Release|x64
		{64C8DAB2-05F2-204B-956F-D36306C88644}.Debug|Win32.ActiveCfg = Debug|Win32
		{64C8DAB2-05F2-204B-956F-D36306C88644}.Debug|Win32.Build.0 = Debug|Win32
		{64C8DAB2-05F2-204B-956F-D36306C88644}.Debug|x64.ActiveCfg = Debug|x64
		{64C8DAB2-05F2-204B-956F-D36306C88644}.Debug|x64.Build.0 = Debug|x64
		{17BBF2F2-073E-F44C-8D17-1E737E00AB8F}.Release|Win32.ActiveCfg = Release|Win32
		{17BBF2F2-073E-F44C-8D17-1E737E00AB8F}.Release|Win32.Build.0 = Release|Win32
		{17BBF2F2-073E-F44C-8D17-1E737E00AB8F}.Release|x64.ActiveCfg = Release|x64
		{17BBF2F2-073E-F44C-8D17-1E737E00AB8F}.Release|x64.Build.0 = Release|x64
		{17BBF2F2-073E-F44C-8D17-1E737E00AB8F}.Debug|Win32.ActiveCfg = Debug|Win32
		{17BBF2F2-073E-F44C-8D17-1E737E00AB8F}.Debug|Win32.Build.0 = Debug|Win32
		{17BBF2F2-073E-F44C-8D17-1E737E00AB8F}.Debug|x64.ActiveCfg = Debug|x64
		{17BBF2F2-073E-F44C-8D17-1E737E00AB8F}.Debug|x64.Build.0 = Debug|x64
		{ED7D2339-BFAE-ED49-85F8-7A4B35047CD1}.Release|Win32.ActiveCfg = Release|Win32
		{ED7D2339-BFAE-ED49-85F8-7A4B35047CD1}.Release|Win32.Build.0 = Release|Win32
		{ED7D2339-BFAE-ED49-85F8-7A4B35047CD1}.Release|x64.ActiveCfg = Release|x64
		{ED7D2339-BFAE-ED49-85F8-7A4B35047CD1}.Release|x64.Build.0 = Release|x64
		{ED7D2339-BFAE-ED49-85F8-7A4B35047CD1}.Debug|Win32.ActiveCfg = Debug|Win32
		{ED7D2339-BFAE-ED49-85F8-7A4B35047CD1}.Debug|Win32.Build.0 = Debug|Win32
		{ED7D2339-BFAE-ED49-85F8-7A4B35047CD1}.Debug|x64.ActiveCfg = Debug|x64
		{ED7D2339-BFAE-ED49-85F8-7A4B35047CD1}.Debug|x64.Build.0 = Debug|x64
		{556EBA88-D3B5-F341-B8EF-403842874751}.Release|Win32.ActiveCfg = Release|Win32
		{556EBA88-D3B5-F341-B8EF-403842874751}.Release|Win32.Build.0 = Release|Win32
		{556EBA88-D3B5-F341-B8EF-403842874751}.Release|x64.ActiveCfg = Release|x64
		{556EBA88-D3B5-F341-B8EF-403842874751}.Release|x64.Build.0 = Release|x64
		{556EBA88-D3B5-F341-B8EF-403842874751}.Debug|Win32.ActiveCfg = Debug|Win32
		{556EBA88-D3B5-F341-B8EF-403842874751}.Debug|Win32.Build.0 = Debug|Win32
		{556EBA88-D3B5-F341-B8EF-403842874751}.Debug|x64.ActiveCfg = Debug|x64
		{556EBA88-D3B5-F341-B8EF-403842874751}.Debug|x64.Build.0 = Debug|x64
		{03600E43-D661-4E4E-92E4-3ADBDBC50A15}.Release|Win32.ActiveCfg = Release|Win32
		{03600E43-D661-4E4E-92E4-3ADBDBC50A15}.Release|Win32.Build.0 = Release|Win32
		{03600E43-D661-4E4E-92E4-3ADBDBC50A15}.Release|x64.ActiveCfg = Release|x64
		{03600E43-D661-4E4E-92E4-3ADBDBC50A15}.Release|x64.Build.0 = Release|x64
		{03600E43-D661-4E4E-92E4-3ADBDBC50A15}.Debug|Win32.ActiveCfg = Debug|Win32
		{03600E43-D661-4E4E-92E4-3ADBDBC50A15}.Debug|Win32.Build.0 = Debug|Win32
		{03600E43-D661-4E4E-92E4-3ADBDBC50A15}.Debug|x64.ActiveCfg = Debug|x64
		{03600E43-D661-4E4E-92E4-3ADBDBC50A15}.Debug|x64.Build.0 = Debug|x64
		{10C69D48-AE47-E840-A360-DB32642215C9}.Release|Win32.ActiveCfg = Release|Win32
		{10C69D48-AE47-E840-A360-DB32642215C9}.Release|Win32.Build.0 = Release|Win32
		{10C69D48-AE47-E840-A360-DB32642215C9}.Release|x64.ActiveCfg = Release|x64
		{10C69D48-AE47-E840-A360-DB32642215C9}.Release|x64.Build.0 = Release|x64
		{10C69D48-AE47-E840-A360-DB32642215C9}.Debug|Win32.ActiveCfg = Debug|Win32
		{10C69D48-AE47-E840-A360-DB32642215C9}.Debug|Win32.Build.0 = Debug|Win32
		{10C69D48-AE47-E840-A360-DB32642215C9}.Debug|x64.ActiveCfg = Debug|x64
		{10C69D48-AE47-E840-A360-DB32642215C9}.Debug|x64.Build.0 = Debug|x64
		{CE40291E-29D3-B041-871D-F7E1FB99CAEF}.Release|Win32.ActiveCfg = Release|Win32
		{CE40291E-29D3-B041-871D-F7E1FB99CAEF}.Release|Win32.Build.0 = Release|Win32
		{CE40291E-29D3-B041-871D-F7E1FB99CAEF}.Release|x64.ActiveCfg = Release|x64
		{CE40291E-29D3-B041-871D-F7E1FB99CAEF}.Release|x64.Build.0 = Release|x64
		{CE40291E-29D3-B041-871D-F7E1FB99CAEF}.Debug|Win32.ActiveCfg = Debug|Win32
		{CE40291E-29D3-B041-871D-F7E1FB99CAEF}.Debug|Win32.Build.0 = Debug|Win32
		{CE40291E-29D3-B041-871D-F7E1FB99CAEF}.Debug|x64.ActiveCfg = Debug|x64
		{CE40291E-29D3-B041-871D-F7E1FB99CAEF}.Debug|x64.Build.0 = Debug|x64
		{061CD1BA-0650-B343-9426-E4CEFCFA8961}.Release|Win32.ActiveCfg = Release|Win32
		{061CD1BA-0650-B343-9426-E4CEFCFA8961}.Release|Win32.Build.0 = Release|Win32
		{061CD1BA-0650-B343-9426-E4CEFCFA8961}.Release|x64.ActiveCfg = Release|x64
		{061CD1BA-0650-B343-9426-E4CEFCFA8961}.Release|x64.Build.0 = Release|x64
		{061CD1BA-0650-B343-9426-E4CEFCFA8961}.Debug|Win32.ActiveCfg = Debug|Win32
		{061CD1BA-0650-B343-9426-E4CEFCFA8961}.Debug|Win32.Build.0 = Debug|Win32
		{061CD1BA-0650-B343-9426-E4CEFCFA8961}.Debug|x64.ActiveCfg = Debug|x64
		{061CD1BA-0650-B343-9426-E4CEFCFA8961}.Debug|x64.Build.0 = Debug|x64
		{7A4ED23A-526F-E24D-AB65-A509C4F8D000}.Release|Win32.ActiveCfg = Release|Win32
		{7A4ED23A-526F-E24D-AB65-A509C4F8D000}.Release|Win32.Build.0 = Release|Win32
		{7A4ED23A-526F-E24D-AB65-A509C4F8D000}.Release|x64.ActiveCfg = Release|x64
		{7A4ED23A-526F-E24D-AB65-A509C4F8D000}.Release|x64.Build.0 = Release|x64
		{7A4ED23A-526F-E24D-AB65-A509C4F8D000}.Debug|Win32.ActiveCfg = Debug|Win32
		{7A4ED23A-526F-E24D-AB65-A509C4F8D000}.Debug|Win32.Build.0 = Debug|Win32
		{7A4ED23A-526F-E24D-AB65-A509C4F8D000}.Debug|x64.ActiveCfg = Debug|x64
		{7A4ED23A-526F-E24D-AB65-A509C4F8D000}.Debug|x64.Build.0 = Debug|x64
		{71E3BC58-CFE8-3241-BD9A-10B14F3FEC9B}.Release|Win32.ActiveCfg = Release|Win32
		{71E3BC58-CFE8-3241-BD9A-10B14F3FEC9B}.Release|Win32.Build.0 = Release|Win32
		{71E3BC58-CFE8-3241-BD9A-10B14F3FEC9B}.Release|x64.ActiveCfg = Release|x64
		{71E3BC58-CFE8-3241-BD9A-10B14F3FEC9B}.Release|x64.Build.0 = Release|x64
		{71E3BC58-CFE8-3241-BD9A-10B14F3FEC9B}.Debug|Win32.ActiveCfg = Debug|Win32
		{71E3BC58-CFE8-3241-BD9A-10B14F3FEC9B}.Debug|Win32.Build.0 = Debug|Win32
		{71E3BC58-CFE8-3241-BD9A-10B14F3FEC9B}.Debug|x64.ActiveCfg = Debug|x64
		{71E3BC58-CFE8-3241-BD9A-10B14F3FEC9B}.Debug|x64.Build.0 = Debug|x64
		{44F72DA4-5615-094B-8311-916A44609272}.Release|Win32.ActiveCfg = Release|Win32
		{44F72DA4-5615-094B-8311-916A44609272}.Release|Win32.Build.0 = Release|Win32
		{44F72DA4-5615-094B-8311-916A44609272}.Release|x64.ActiveCfg = Release|x64
		{44F72DA4-5615-094B-8311-916A44609272}.Release|x64.Build.0 = Release|x64
		{44F72DA4-5615-094B-8311-916A44609272}.Debug|Win32.ActiveCfg = Debug|Win32
		{44F72DA4-5615-094B-8311-916A44609272}.Debug|Win32.Build.0 = Debug|Win32
		{44F72DA4-5615-094B-8311-916A44609272}.Debug|x64.ActiveCfg = Debug|x64
		{44F72DA4-5615-094B-8311-916A44609272}.Debug|x64.Build.0 = Debug|x64
		{B32A8B8D-C194-9448-8788-4C012C7CCFA0}.Release|Win32.ActiveCfg = Release|Win32
		{B32A8B8D-C194-9448-8788-4C012C7CCFA0}.Release|Win32.Build.0 = Release|Win32
		{B32A8B8D-C194-9448-8788-4C012C7CCFA0}.Release|x64.ActiveCfg = Release|x64
		{B32A8B8D-C194-9448-8788-4C012C7CCFA0}.Release|x64.Build.0 = Release|x64
		{B32A8B8D-C194-9448-8788-4C012C7CCFA0}.Debug|Win32.ActiveCfg = Debug|Win32
		{B32A8B8D-C194-9448-8788-4C012C7CCFA0}.Debug|Win32.Build.0 = Debug|Win32
		{B32A8B8D-C194-9448-8788-4C012C7CCFA0}.Debug|x64.ActiveCfg = Debug|x64
		{B32A8B8D-C194-9448-8788-4C012C7CCFA0}.Debug|x64.Build.0 = Debug|x64
		{F7158D93-7888-D548-91A4-B41D353AE9C4}.Release|Win32.ActiveCfg = Release|Win32
		{F7158D93-7888-D548-91A4-B41D353AE9C4}.Release|Win32.Build.0 = Release|Win32
		{F7158D93-7888-D548-91A4-B41D353AE9C4}.Release|x64.ActiveCfg = Release|x64
		{F7158D93-7888-D548-91A4-B41D353AE9C4}.Release|x64.Build.0 = Release|x64
		{F7158D93-7888-D548-91A4-B41D353AE9C4}.Debug|Win32.ActiveCfg = Debug|Win32
		{F7158D93-7888-D548-91A4-B41D353AE9C4}.Debug|Win32.Build.0 = Debug|Win32
		{F7158D93-7888-D548-91A4-B41D353AE9C4}.Debug|x64.ActiveCfg = Debug|x64
		{F7158D93-7888-D548-91A4-B41D353AE9C4}.Debug|x64.Build.0 = Debug|x64
		{87B69A68-FBC7-2448-8D15-F61DED891472}.Release|Win32.ActiveCfg = Release|Win32
		{87B69A68-FBC7-2448-8D15-F61DED891472}.Release|Win32.Build.0 = Release|Win32
		{87B69A68-FBC7-2448-8D15-F61DED891472}.Release|x64.ActiveCfg = Release|x64
		{87B69A68-FBC7-2448-8D15-F61DED891472}.Release|x64.Build.0 = Release|x64
		{87B69A68-FBC7-2448-8D15-F61DED891472}.Debug|Win32.ActiveCfg = Debug|Win32
		{87B69A68-FBC7-2448-8D15-F61DED891472}.Debug|Win32.Build.0 = Debug|Win32
		{87B69A68-FBC7-2448-8D15-F61DED891472}.Debug|x64.ActiveCfg = Debug|x64
		{87B69A68-FBC7-2448-8D15-F61DED891472}.Debug|x64.Build.0 = Debug|x64
		{8677A067-53E3-2145-B7EB-6424178BF263}.Release|Win32.ActiveCfg = Release|Win32
		{8677A067-53E3-2145-B7EB-6424178BF263}.Release|Win32.Build.0 = Release|Win32
		{8677A067-53E3-2145-B7EB-6424178BF263}.Release|x64.ActiveCfg = Release|x64
		{8677A067-53E3-2145-B7EB-6424178BF263}.Release|x64.Build.0 = Release|x64
		{8677A067-53E3-2145-B7EB-6424178BF263}.Debug|Win32.ActiveCfg = Debug|Win32
		{8677A067-53E3-2145-B7EB-6424178BF263}.Debug|Win32.Build.0 = Debug|Win32
		{8677A067-53E3-2145-B7EB-6424178BF263}.Debug|x64.ActiveCfg = Debug|x64
		{8677A067-53E3-2145-B7EB-6424178BF263}.Debug|x64.Build.0 = Debug|x64
		{9671C36F-5AD3-3141-8ABA-D7292765F99F}.Release|Win32.ActiveCfg = Release|Win32
		{9671C36F-5AD3-3141-8ABA-D7292765F99F}.Release|Win32.Build.0 = Release|Win32
		{9671C36F-5AD3-3141-8ABA-D7292765F99F}.Release|x64.ActiveCfg = Release|x64
		{9671C36F-5AD3-3141-8ABA-D7292765F99F}.Release|x64.Build.0 = Release|x64
		{9671C36F-5AD3-3141-8ABA-D7292765F99F}.Debug|Win32.ActiveCfg = Debug|Win32
		{9671C36F-5AD3-3141-8ABA-D7292765F99F}.Debug|Win32.Build.0 = Debug|Win32
		{9671C36F-5AD3-3141-8ABA-D7292765F99F}.Debug|x64.ActiveCfg = Debug|x64
		{9671C36F-5AD3-3141-8ABA-D7292765F99F}.Debug|x64.Build.0 = Debug|x64
		{91A0ABF3-F903-0347-B960-625CA0A10103}.Release|Win32.ActiveCfg = Release|Win32
		{91A0ABF3-F903-0347-B960-625CA0A10103}.Release|Win32.Build.0 = Release|Win32
		{91A0ABF3-F903-0347-B960-625CA0A10103}.Release|x64.ActiveCfg = Release|x64
		{91A0ABF3-F903-0347-B960-625CA0A10103}.Release|x64.Build.0 = Release|x64
		{91A0ABF3-F903-0347-B960-625CA0A10103}.Debug|Win32.ActiveCfg = Debug|Win32
		{91A0ABF3-F903-0347-B960-625CA0A10103}.Debug|Win32.Build.0 = Debug|Win32
		{91A0ABF3-F903-0347-B960-625CA0A10103}.Debug|x64.ActiveCfg = Debug|x64
		{91A0ABF3-F903-0347-B960-625CA0A10103}.Debug|x64.Build.0 = Debug|x64
		{6854A6E3-379B-024B-B860-1490ABC69FF9}.Release|Win32.ActiveCfg = Release|Win32
		{6854A6E3-379B-024B-B860-1490ABC69FF9}.Release|Win32.Build.0 = Release|Win32
		{6854A6E3-379B-024B-B860-1490ABC69FF9}.Release|x64.ActiveCfg = Release|x64
		{6854A6E3-379B-024B-B860-1490ABC69FF9}.Release|x64.Build.0 = Release|x64
		{6854A6E3-379B-024B-B860-1490ABC69FF9}.Debug|Win32.ActiveCfg = Debug|Win32
		{6854A6E3-379B-024B-B860-1490ABC69FF9}.Debug|Win32.Build.0 = Debug|Win32
		{6854A6E3-379B-024B-B860-1490ABC69FF9}.Debug|x64.ActiveCfg = Debug|x64
		{6854A6E3-379B-024B-B860-1490ABC69FF9}.Debug|x64.Build.0 = Debug|x64
		{530B1018-516B-674A-9D3D-34555AD159DA}.Release|Win32.ActiveCfg = Release|Win32
		{530B1018-516B-674A-9D3D-34555AD159DA}.Release|Win32.Build.0 = Release|Win32
		{530B1018-516B-674A-9D3D-34555AD159DA}.Release|x64.ActiveCfg = Release|x64
		{530B1018-516B-674A-9D3D-34555AD159DA}.Release|x64.Build.0 = Release|x64
		{530B1018-516B-674A-9D3D-34555AD159DA}.Debug|Win32.ActiveCfg = Debug|Win32
		{530B1018-516B-674A-9D3D-34555AD159DA}.Debug|Win32.Build.0 = Debug|Win32
		{530B1018-516B-674A-9D3D-34555AD159DA}.Debug|x64.ActiveCfg = Debug|x64
		{530B1018-516B-674A-9D3D-34555AD159DA}.Debug|x64.Build.0 = Debug|x64
		{8CA4FBF7-8D24-244E-ACDF-828C73067F99}.Release|Win32.ActiveCfg = Release|Win32
		{8CA4FBF7-8D24-244E-ACDF-828C73067F99}.Release|Win32.Build.0 = Release|Win32
		{8CA4FBF7-8D24-244E-ACDF-828C73067F99}.Release|x64.ActiveCfg = Release|x64
		{8CA4FBF7-8D24-244E-ACDF-828C73067F99}.Release|x64.Build.0 = Release|x64
		{8CA4FBF7-8D24-244E-ACDF-828C73067F99}.Debug|Win32.ActiveCfg = Debug|Win32
		{8CA4FBF7-8D24-244E-ACDF-828C73067F99}.Debug|Win32.Build.0 = Debug|Win32
		{8CA4FBF7-8D24-244E-ACDF-828C73067F99}.Debug|x64.ActiveCfg = Debug|x64
		{8CA4FBF7-8D24-244E-ACDF-828C73067F99}.Debug|x64.Build.0 = Debug|x64
		{72C1F0FB-3795-364E-ADD9-2206981D936F}.Release|Win32.ActiveCfg = Release|Win32
		{72C1F0FB-3795-364E-ADD9-2206981D936F}.Release|Win32.Build.0 = Release|Win32
		{72C1F0FB-3795-364E-ADD9-2206981D936F}.Release|x64.ActiveCfg = Release|x64
		{72C1F0FB-3795-364E-ADD9-2206981D936F}.Release|x64.Build.0 = Release|x64
		{72C1F0FB-3795-364E-ADD9-2206981D936F}.Debug|Win32.ActiveCfg = Debug|Win32
		{72C1F0FB-3795-364E-ADD9-2206981D936F}.Debug|Win32.Build.0 = Debug|Win32
		{72C1F0FB-3795-364E-ADD9-2206981D936F}.Debug|x64.ActiveCfg = Debug|x64
		{72C1F0FB-3795-364E-ADD9-2206981D936F}.Debug|x64.Build.0 = Debug|x64
		{948ABEF9-4C88-934B-917B-C5CBBD392343}.Release|Win32.ActiveCfg = Release|Win32
		{948ABEF9-4C88-934B-917B-C5CBBD392343}.Release|Win32.Build.0 = Release|Win32
		{948ABEF9-4C88-934B-917B-C5CBBD392343}.Release|x64.ActiveCfg = Release|x64
		{948ABEF9-4C88-934B-917B-C5CBBD392343}.Release|x64.Build.0 = Release|x64
		{948ABEF9-4C88-934B-917B-C5CBBD392343}.Debug|Win32.ActiveCfg = Debug|Win32
		{948ABEF9-4C88-934B-917B-C5CBBD392343}.Debug|Win32.Build.0 = Debug|Win32
		{948ABEF9-4C88-934B-917B-C5CBBD392343}.Debug|x64.ActiveCfg = Debug|x64
		{948ABEF9-4C88-934B-917B-C5CBBD392343}.Debug|x64.Build.0 = Debug|x64
		{554923BA-1BD4-384F-BB4B-FD4CDB1CE5B1}.Release|Win32.ActiveCfg = Release|Win32
		{554923BA-1BD4-384F-BB4B-FD4CDB1CE5B1}.Release|Win32.Build.0 = Release|Win32
		{554923BA-1BD4-384F-BB4B-FD4CDB1CE5B1}.Release|x64.ActiveCfg = Release|x64
		{554923BA-1BD4-384F-BB4B-FD4CDB1CE5B1}.Release|x64.Build.0 = Release|x64
		{554923BA-1BD4-384F-BB4B-FD4CDB1CE5B1}.Debug|Win32.ActiveCfg = Debug|Win32
		{554923BA-1BD4-384F-BB4B-FD4CDB1CE5B1}.Debug|Win32.Build.0 = Debug|Win32
		{554923BA-1BD4-384F-BB4B-FD4CDB1CE5B1}.Debug|x64.ActiveCfg = Debug|x64
		{554923BA-1BD4-384F-BB4B-FD4CDB1CE5B1}.Debug|x64.Build.0 = Debug|x64
		{5317D0D0-CF8C-5A48-9C15-7CD36940719D}.Release|Win32.ActiveCfg = Release|Win32
		{5317D0D0-CF8C-5A48-9C15-7CD36940719D}.Release|Win32.Build.0 = Release|Win32
		{5317D0D0-CF8C-5A48-9C15-7CD36940719D}.Release|x64.ActiveCfg = Release|x64
		{5317D0D0-CF8C-5A48-9C15-7CD36940719D}.Release|x64.Build.0 = Release|x64
		{5317D0D0-CF8C-5A48-9C15-7CD36940719D}.Debug|Win32.ActiveCfg = Debug|Win32
		{5317D0D0-CF8C-5A48-9C15-7CD36940719D}.Debug|Win32.Build.0 = Debug|Win32
		{5317D0D0-CF8C-5A48-9C15-7CD36940719D}.Debug|x64.ActiveCfg = Debug|x64
		{5317D0D0-CF8C-5A48-9C15-7CD36940719D}.Debug|x64.Build.0 = Debug|x64
		{88CB0792-4E5A-5E41-876C-A50AF260DE84}.Release|Win32.ActiveCfg = Release|Win32
		{88CB0792-4E5A-5E41-876C-A50AF260DE84}.Release|Win32.Build.0 = Release|Win32
		{88CB0792-4E5A-5E41-876C-A50AF260DE84}.Release|x64.ActiveCfg = Release|x64
		{88CB0792-4E5A-5E41-876C-A50AF260DE84}.Release|x64.Build.0 = Release|x64
		{88CB0792-4E5A-5E41-876C-A50AF260DE84}.Debug|Win32.ActiveCfg = Debug|Win32
		{88CB0792-4E5A-5E41-876C-A50AF260DE84}.Debug|Win32.Build.0 = Debug|Win32
		{88CB0792-4E5A-5E41-876C-A50AF260DE84}.Debug|x64.ActiveCfg = Debug|x64
		{88CB0792-4E5A-5E41-876C-A50AF260DE84}.Debug|x64.Build.0 = Debug|x64
		{8016425C-14A5-A243-8EB6-7A8FE8B9ABD6}.Release|Win32.ActiveCfg = Release|Win32
		{8016425C-14A5-A243-8EB6-7A8FE8B9ABD6}.Release|Win32.Build.0 = Release|Win32
		{8016425C-14A5-A243-8EB6-7A8FE8B9ABD6}.Release|x64.ActiveCfg = Release|x64
		{8016425C-14A5-A243-8EB6-7A8FE8B9ABD6}.Release|x64.Build.0 = Release|x64
		{8016425C-14A5-A243-8EB6-7A8FE8B9ABD6}.Debug|Win32.ActiveCfg = Debug|Win32
		{8016425C-14A5-A243-8EB6-7A8FE8B9ABD6}.Debug|Win32.Build.0 = Debug|Win32
		{8016425C-14A5-A243-8EB6-7A8FE8B9ABD6}.Debug|x64.ActiveCfg = Debug|x64
		{8016425C-14A5-A243-8EB6-7A8FE8B9ABD6}.Debug|x64.Build.0 = Debug|x64
		{8216262D-7A24-4F44-831C-7EE4CA28167B}.Release|Win32.ActiveCfg = Release|Win32
		{8216262D-7A24-4F44-831C-7EE4CA28167B}.Release|Win32.Build.0 = Release|Win32
		{8216262D-7A24-4F44-831C-7EE4CA28167B}.Release|x64.ActiveCfg = Release|x64
		{8216262D-7A24-4F44-831C-7EE4CA28167B}.Release|x64.Build.0 = Release|x64
		{8216262D-7A24-4F44-831C-7EE4CA28167B}.Debug|Win32.ActiveCfg = Debug|Win32
		{8216262D-7A24-4F44-831C-7EE4CA28167B}.Debug|Win32.Build.0 = Debug|Win32
		{8216262D-7A24-4F44-831C-7EE4CA28167B}.Debug|x64.ActiveCfg = Debug|x64
		{8216262D-7A24-4F44-831C-7EE4CA28167B}.Debug|x64.Build.0 = Debug|x64
		{2D1F4D19-FA15-9545-B22D-6F8253946844}.Release|Win32.ActiveCfg = Release|Win32
		{2D1F4D19-FA15-9545-B22D-6F8253946844}.Release|Win32.Build.0 = Release|Win32
		{2D1F4D19-FA15-9545-B22D-6F8253946844}.Release|x64.ActiveCfg = Release|x64
		{2D1F4D19-FA15-9545-B22D-6F8253946844}.Release|x64.Build.0 = Release|x64
		{2D1F4D19-FA15-9545-B22D-6F8253946844}.Debug|Win32.ActiveCfg = Debug|Win32
		{2D1F4D19-FA15-9545-B22D-6F8253946844}.Debug|Win32.Build.0 = Debug|Win32
		{2D1F4D19-FA15-9545-B22D-6F8253946844}.Debug|x64.ActiveCfg = Debug|x64
		{2D1F4D19-FA15-9545-B22D-6F8253946844}.Debug|x64.Build.0 = Debug|x64
		{4B4B9D7D-8E98-4247-8BBC-C060AD1CE81C}.Release|Win32.ActiveCfg = Release|Win32
		{4B4B9D7D-8E98-4247-8BBC-C060AD1CE81C}.Release|Win32.Build.0 = Release|Win32
		{4B4B9D7D-8E98-4247-8BBC-C060AD1CE81C}.Release|x64.ActiveCfg = Release|x64
		{4B4B9D7D-8E98-4247-8BBC-C060AD1CE81C}.Release|x64.Build.0 = Release|x64
		{4B4B9D7D-8E98-4247-8BBC-C060AD1CE81C}.Debug|Win32.ActiveCfg = Debug|Win32
		{4B4B9D7D-8E98-4247-8BBC-C060AD1CE81C}.Debug|Win32.Build.0 = Debug|Win32
		{4B4B9D7D-8E98-4247-8BBC-C060AD1CE81C}.Debug|x64.ActiveCfg = Debug|x64
		{4B4B9D7D-8E98-4247-8BBC-C060AD1CE81C}.Debug|x64.Build.0 = Debug|x64
		{73737A29-1EBB-2A44-816C-7D29017057E5}.Release|Win32.ActiveCfg = Release|Win32
		{73737A29-1EBB-2A44-816C-7D29017057E5}.Release|Win32.Build.0 = Release|Win32
		{73737A29-1EBB-2A44-816C-7D29017057E5}.Release|x64.ActiveCfg = Release|x64
		{73737A29-1EBB-2A44-816C-7D29017057E5}.Release|x64.Build.0 = Release|x64
		{73737A29-1EBB-2A44-816C-7D29017057E5}.Debug|Win32.ActiveCfg = Debug|Win32
		{73737A29-1EBB-2A44-816C-7D29017057E5}.Debug|Win32.Build.0 = Debug|Win32
		{73737A29-1EBB-2A44-816C-7D29017057E5}.Debug|x64.ActiveCfg = Debug|x64
		{73737A29-1EBB-2A44-816C-7D29017057E5}.Debug|x64.Build.0 = Debug|x64
		{7B9F6D56-678A-8F4F-BF24-CCFAABBC13A5}.Release|Win32.ActiveCfg = Release|Win32
		{7B9F6D56-678A-8F4F-BF24-CCFAABBC13A5}.Release|Win32.Build.0 = Release|Win32
		{7B9F6D56-678A-8F4F-BF24-CCFAABBC13A5}.Release|x64.ActiveCfg = Release|x64
		{7B9F6D56-678A-8F4F-BF24-CCFAABBC13A5}.Release|x64.Build.0 = Release|x64
		{7B9F6D56-678A-8F4F-BF24-CCFAABBC13A5}.Debug|Win32.ActiveCfg = Debug|Win32
		{7B9F6D56-678A-8F4F-BF24-CCFAABBC13A5}.Debug|Win32.Build.0 = Debug|Win32
		{7B9F6D56-678A-8F4F-BF24-CCFAABBC13A5}.Debug|x64.ActiveCfg = Debug|x64
		{7B9F6D56-678A-8F4F-BF24-CCFAABBC13A5}.Debug|x64.Build.0 = Debug|x64
		{EC022F8A-68E4-984D-BB59-75030F3FB233}.Release|Win32.ActiveCfg = Release|Win32
		{EC022F8A-68E4-984D-BB59-75030F3FB233}.Release|Win32.Build.0 = Release|Win32
		{EC022F8A-68E4-984D-BB59-75030F3FB233}.Release|x64.ActiveCfg = Release|x64
		{EC022F8A-68E4-984D-BB59-75030F3FB233}.Release|x64.Build.0 = Release|x64
		{EC022F8A-68E4-984D-BB59-75030F3FB233}.Debug|Win32.ActiveCfg = Debug|Win32
		{EC022F8A-68E4-984D-BB59-75030F3FB233}.Debug|Win32.Build.0 = Debug|Win32
		{EC022F8A-68E4-984D-BB59-75030F3FB233}.Debug|x64.ActiveCfg = Debug|x64
		{EC022F8A-68E4-984D-BB59-75030F3FB233}.Debug|x64.Build.0 = Debug|x64
		{2E9499DC-2A99-8B41-BD10-B5B0C73B2725}.Release|Win32.ActiveCfg = Release|Win32
		{2E9499DC-2A99-8B41-BD10-B5B0C73B2725}.Release|Win32.Build.0 = Release|Win32
		{2E9499DC-2A99-8B41-BD10-B5B0C73B2725}.Release|x64.ActiveCfg = Release|x64
		{2E9499DC-2A99-8B41-BD10-B5B0C73B2725}.Release|x64.Build.0 = Release|x64
		{2E9499DC-2A99-8B41-BD10-B5B0C73B2725}.Debug|Win32.ActiveCfg = Debug|Win32
		{2E9499DC-2A99-8B41-BD10-B5B0C73B2725}.Debug|Win32.Build.0 = Debug|Win32
		{2E9499DC-2A99-8B41-BD10-B5B0C73B2725}.Debug|x64.ActiveCfg = Debug|x64
		{2E9499DC-2A99-8B41-BD10-B5B0C73B2725}.Debug|x64.Build.0 = Debug|x64
		{E2354B82-64AF-1349-9B68-45BD5E17E7F0}.Release|Win32.ActiveCfg = Release|Win32
		{E2354B82-64AF-1349-9B68-45BD5E17E7F0}.Release|Win32.Build.0 = Release|Win32
		{E2354B82-64AF-1349-9B68-45BD5E17E7F0}.Release|x64.ActiveCfg = Release|x64
		{E2354B82-64AF-1349-9B68-45BD5E17E7F0}.Release|x64.Build.0 = Release|x64
		{E2354B82-64AF-1349-9B68-45BD5E17E7F0}.Debug|Win32.ActiveCfg = Debug|Win32
		{E2354B82-64AF-1349-9B68-45BD5E17E7F0}.Debug|Win32.Build.0 = Debug|Win32
		{E2354B82-64AF-1349-9B68-45BD5E17E7F0}.Debug|x64.ActiveCfg = Debug|x64
		{E2354B82-64AF-1349-9B68-45BD5E17E7F0}.Debug|x64.Build.0 = Debug|x64
		{1F573864-C83D-8A40-B567-50027C82FAC8}.Release|Win32.ActiveCfg = Release|Win32
		{1F573864-C83D-8A40-B567-50027C82FAC8}.Release|Win32.Build.0 = Release|Win32
		{1F573864-C83D-8A40-B567-50027C82FAC8}.Release|x64.ActiveCfg = Release|x64
		{1F573864-C83D-8A40-B567-50027C82FAC8}.Release|x64.Build.0 = Release|x64
		{1F573864-C83D-8A40-B567-50027C82FAC8}.Debug|Win32.ActiveCfg = Debug|Win32
		{1F573864-C83D-8A40-B567-50027C82FAC8}.Debug|Win32.Build.0 = Debug|Win32
		{1F573864-C83D-8A40-B567-50027C82FAC8}.Debug|x64.ActiveCfg = Debug|x64
		{1F573864-C83D-8A40-B567-50027C82FAC8}.Debug|x64.Build.0 = Debug|x64
		{030EF96C-D013-8845-AE9B-7633F902214C}.Release|Win32.ActiveCfg = Release|Win32
		{030EF96C-D013-8845-AE9B-7633F902214C}.Release|Win32.Build.0 = Release|Win32
		{030EF96C-D013-8845-AE9B-7633F902214C}.Release|x64.ActiveCfg = Release|x64
		{030EF96C-D013-8845-AE9B-7633F902214C}.Release|x64.Build.0 = Release|x64
		{030EF96C-D013-8845-AE9B-7633F902214C}.Debug|Win32.ActiveCfg = Debug|Win32
		{030EF96C-D013-8845-AE9B-7633F902214C}.Debug|Win32.Build.0 = Debug|Win32
		{030EF96C-D013-8845-AE9B-7633F902214C}.Debug|x64.ActiveCfg = Debug|x64
		{030EF96C-D013-8845-AE9B-7633F902214C}.Debug|x64.Build.0 = Debug|x64
		{4186A481-F574-FC4F-A77F-4886C84125EA}.Release|Win32.ActiveCfg = Release|Win32
		{4186A481-F574-FC4F-A77F-4886C84125EA}.Release|Win32.Build.0 = Release|Win32
		{4186A481-F574-FC4F-A77F-4886C84125EA}.Release|x64.ActiveCfg = Release|x64
		{4186A481-F574-FC4F-A77F-4886C84125EA}.Release|x64.Build.0 = Release|x64
		{4186A481-F574-FC4F-A77F-4886C84125EA}.Debug|Win32.ActiveCfg = Debug|Win32
		{4186A481-F574-FC4F-A77F-4886C84125EA}.Debug|Win32.Build.0 = Debug|Win32
		{4186A481-F574-FC4F-A77F-4886C84125EA}.Debug|x64.ActiveCfg = Debug|x64
		{4186A481-F574-FC4F-A77F-4886C84125EA}.Debug|x64.Build.0 = Debug|x64
		{D8134910-C156-0242-ADB9-538ABE4AA5B5}.Release|Win32.ActiveCfg = Release|Win32
		{D8134910-C156-0242-ADB9-538ABE4AA5B5}.Release|Win32.Build.0 = Release|Win32
		{D8134910-C156-0242-ADB9-538ABE4AA5B5}.Release|x64.ActiveCfg = Release|x64
		{D8134910-C156-0242-ADB9-538ABE4AA5B5}.Release|x64.Build.0 = Release|x64
		{D8134910-C156-0242-ADB9-538ABE4AA5B5}.Debug|Win32.ActiveCfg = Debug|Win32
		{D8134910-C156-0242-ADB9-538ABE4AA5B5}.Debug|Win32.Build.0 = Debug|Win32
		{D8134910-C156-0242-ADB9-538ABE4AA5B5}.Debug|x64.ActiveCfg = Debug|x64
		{D8134910-C156-0242-ADB9-538ABE4AA5B5}.Debug|x64.Build.0 = Debug|x64
		{73EA9C71-8AE3-A648-9D95-C3848FA038D0}.Release|Win32.ActiveCfg = Release|Win32
		{73EA9C71-8AE3-A648-9D95-C3848FA038D0}.Release|Win32.Build.0 = Release|Win32
		{73EA9C71-8AE3-A648-9D95-C3848FA038D0}.Release|x64.ActiveCfg = Release|x64
		{73EA9C71-8AE3-A648-9D95-C3848FA038D0}.Release|x64.Build.0 = Release|x64
		{73EA9C71-8AE3-A648-9D95-C3848FA038D0}.Debug|Win32.ActiveCfg = Debug|Win32
		{73EA9C71-8AE3-A648-9D95-C3848FA038D0}.Debug|Win32.Build.0 = Debug|Win32
		{73EA9C71-8AE3-A648-9D95-C3848FA038D0}.Debug|x64.ActiveCfg = Debug|x64
		{73EA9C71-8AE3-A648-9D95-C3848FA038D0}.Debug|x64.Build.0 = Debug|x64
		{0913FBBA-506F-A149-9742-604C4B5F90D4}.Release|Win32.ActiveCfg = Release|Win32
		{0913FBBA-506F-A149-9742-604C4B5F90D4}.Release|Win32.Build.0 = Release|Win32
		{0913FBBA-506F-A149-9742-604C4B5F90D4}.Release|x64.ActiveCfg = Release|x64
		{0913FBBA-506F-A149-9742-604C4B5F90D4}.Release|x64.Build.0 = Release|x64
		{0913FBBA-506F-A149-9742-604C4B5F90D4}.Debug|Win32.ActiveCfg = Debug|Win32
		{0913FBBA-506F-A149-9742-604C4B5F90D4}.Debug|Win32.Build.0 = Debug|Win32
		{0913FBBA-506F-A149-9742-604C4B5F90D4}.Debug|x64.ActiveCfg = Debug|x64
		{0913FBBA-506F-A149-9742-604C4B5F90D4}.Debug|x64.Build.0 = Debug|x64
		{150971AA-C716-334E-AE77-BD496430C89D}.Release|Win32.ActiveCfg = Release|Win32
		{150971AA-C716-334E-AE77-BD496430C89D}.Release|Win32.Build.0 = Release|Win32
		{150971AA-C716-334E-AE77-BD496430C89D}.Release|x64.ActiveCfg = Release|x64
		{150971AA-C716-334E-AE77-BD496430C89D}.Release|x64.Build.0 = Release|x64
		{150971AA-C716-334E-AE77-BD496430C89D}.Debug|Win32.ActiveCfg = Debug|Win32
		{150971AA-C716-334E-AE77-BD496430C89D}.Debug|Win32.Build.0 = Debug|Win32
		{150971AA-C716-334E-AE77-BD496430C89D}.Debug|x64.ActiveCfg = Debug|x64
		{150971AA-C716-334E-AE77-BD496430C89D}.Debug|x64.Build.0 = Debug|x64
		{21E1A622-335D-1544-9664-9185C5F8E957}.Release|Win32.ActiveCfg = Release|Win32
		{21E1A622-335D-1544-9664-9185C5F8E957}.Release|Win32.Build.0 = Release|Win32
		{21E1A622-335D-1544-9664-9185C5F8E957}.Release|x64.ActiveCfg = Release|x64
		{21E1A622-335D-1544-9664-9185C5F8E957}.Release|x64.Build.0 = Release|x64
		{21E1A622-335D-1544-9664-9185C5F8E957}.Debug|Win32.ActiveCfg = Debug|Win32
		{21E1A622-335D-1544-9664-9185C5F8E957}.Debug|Win32.Build.0 = Debug|Win32
		{21E1A622-335D-1544-9664-9185C5F8E957}.Debug|x64.ActiveCfg = Debug|x64
		{21E1A622-335D-1544-9664-9185C5F8E957}.Debug|x64.Build.0 = Debug|x64
		{C8E256A3-FAF6-8647-8FA8-A6E564F666E1}.Release|Win32.ActiveCfg = Release|Win32
		{C8E256A3-FAF6-8647-8FA8-A6E564F666E1}.Release|Win32.Build.0 = Release|Win32
		{C8E256A3-FAF6-8647-8FA8-A6E564F666E1}.Release|x64.ActiveCfg = Release|x64
		{C8E256A3-FAF6-8647-8FA8-A6E564F666E1}.Release|x64.Build.0 = Release|x64
		{C8E256A3-FAF6-8647-8FA8-A6E564F666E1}.Debug|Win32.ActiveCfg = Debug|Win32
		{C8E256A3-FAF6-8647-8FA8-A6E564F666E1}.Debug|Win32.Build.0 = Debug|Win32
		{C8E256A3-FAF6-8647-8FA8-A6E564F666E1}.Debug|x64.ActiveCfg = Debug|x64
		{C8E256A3-FAF6-8647-8FA8-A6E564F666E1}.Debug|x64.Build.0 = Debug|x64
		{E078C53D-DDF3-7942-8750-AE1C709816F4}.Release|Win32.ActiveCfg = Release|Win32
		{E078C53D-DDF3-7942-8750-AE1C709816F4}.Release|Win32.Build.0 = Release|Win32
		{E078C53D-DDF3-7942-8750-AE1C709816F4}.Release|x64.ActiveCfg = Release|x64
		{E078C53D-DDF3-7942-8750-AE1C709816F4}.Release|x64.Build.0 = Release|x64
		{E078C53D-DDF3-7942-8750-AE1C709816F4}.Debug|Win32.ActiveCfg = Debug|Win32
		{E078C53D-DDF3-7942-8750-AE1C709816F4}.Debug|Win32.Build.0 = Debug|Win32
		{E078C53D-DDF3-7942-8750-AE1C709816F4}.Debug|x64.ActiveCfg = Debug|x64
		{E078C53D-DDF3-7942-8750-AE1C709816F4}.Debug|x64.Build.0 = Debug|x64
		{B4F77CA1-7138-8349-9BA2-870B0AEEAA81}.Release|Win32.ActiveCfg = Release|Win32
		{B4F77CA1-7138-8349-9BA2-870B0AEEAA81}.Release|Win32.Build.0 = Release|Win32
		{B4F77CA1-7138-8349-9BA2-870B0AEEAA81}.Release|x64.ActiveCfg = Release|x64
		{B4F77CA1-7138-8349-9BA2-870B0AEEAA81}.Release|x64.Build.0 = Release|x64
		{B4F77CA1-7138-8349-9BA2-870B0AEEAA81}.Debug|Win32.ActiveCfg = Debug|Win32
		{B4F77CA1-7138-8349-9BA2-870B0AEEAA81}.Debug|Win32.Build.0 = Debug|Win32
		{B4F77CA1-7138-8349-9BA2-870B0AEEAA81}.Debug|x64.ActiveCfg = Debug|x64
		{B4F77CA1-7138-8349-9BA2-870B0AEEAA81}.Debug|x64.Build.0 = Debug|x64
		{2EF87104-2405-2240-A79D-376DFCD21E66}.Release|Win32.ActiveCfg = Release|Win32
		{2EF87104-2405-2240-A79D-376DFCD21E66}.Release|Win32.Build.0 = Release|Win32
		{2EF87104-2405-2240-A79D-376DFCD21E66}.Release|x64.ActiveCfg = Release|x64
		{2EF87104-2405-2240-A79D-376DFCD21E66}.Release|x64.Build.0 = Release|x64
		{2EF87104-2405-2240-A79D-376DFCD21E66}.Debug|Win32.ActiveCfg = Debug|Win32
		{2EF87104-2405-2240-A79D-376DFCD21E66}.Debug|Win32.Build.0 = Debug|Win32
		{2EF87104-2405-2240-A79D-376DFCD21E66}.Debug|x64.ActiveCfg = Debug|x64
		{2EF87104-2405-2240-A79D-376DFCD21E66}.Debug|x64.Build.0 = Debug|x64
		{70A4C788-BDA0-CC41-8663-EE67C714678D}.Release|Win32.ActiveCfg = Release|Win32
		{70A4C788-BDA0-CC41-8663-EE67C714678D}.Release|Win32.Build.0 = Release|Win32
		{70A4C788-BDA0-CC41-8663-EE67C714678D}.Release|x64.ActiveCfg = Release|x64
		{70A4C788-BDA0-CC41-8663-EE67C714678D}.Release|x64.Build.0 = Release|x64
		{70A4C788-BDA0-CC41-8663-EE67C714678D}.Debug|Win32.ActiveCfg = Debug|Win32
		{70A4C788-BDA0-CC41-8663-EE67C714678D}.Debug|Win32.Build.0 = Debug|Win32
		{70A4C788-BDA0-CC41-8663-EE67C714678D}.Debug|x64.ActiveCfg = Debug|x64
		{70A4C788-BDA0-CC41-8663-EE67C714678D}.Debug|x64.Build.0 = Debug|x64
		{590F2729-E61B-D841-B068-9B3A37DCA221}.Release|Win32.ActiveCfg = Release|Win32
		{590F2729-E61B-D841-B068-9B3A37DCA221}.Release|Win32.Build.0 = Release|Win32
		{590F2729-E61B-D841-B068-9B3A37DCA221}.Release|x64.ActiveCfg = Release|x64
		{590F2729-E61B-D841-B068-9B3A37DCA221}.Release|x64.Build.0 = Release|x64
		{590F2729-E61B-D841-B068-9B3A37DCA221}.Debug|Win32.ActiveCfg = Debug|Win32
		{590F2729-E61B-D841-B068-9B3A37DCA221}.Debug|Win32.Build.0 = Debug|Win32
		{590F2729-E61B-D841-B068-9B3A37DCA221}.Debug|x64.ActiveCfg = Debug|x64
		{590F2729-E61B-D841-B068-9B3A37DCA221}.Debug|x64.Build.0 = Debug|x64
		{ED1D70CF-DD32-404A-8334-510BDCDBA80B}.Release|Win32.ActiveCfg = Release|Win32
		{ED1D70CF-DD32-404A-8334-510BDCDBA80B}.Release|Win32.Build.0 = Release|Win32
		{ED1D70CF-DD32-404A-8334-510BDCDBA80B}.Release|x64.ActiveCfg = Release|x64
		{ED1D70CF-DD32-404A-8334-510BDCDBA80B}.Release|x64.Build.0 = Release|x64
		{ED1D70CF-DD32-404A-8334-510BDCDBA80B}.Debug|Win32.ActiveCfg = Debug|Win32
		{ED1D70CF-DD32-404A-8334-510BDCDBA80B}.Debug|Win32.Build.0 = Debug|Win32
		{ED1D70CF-DD32-404A-8334-510BDCDBA80B}.Debug|x64.ActiveCfg = Debug|x64
		{ED1D70CF-DD32-404A-8334-510BDCDBA80B}.Debug|x64.Build.0 = Debug|x64
		{3311110C-5402-2D44-8F6D-48ACB776602F}.Release|Win32.ActiveCfg = Release|Win32
		{3311110C-5402-2D44-8F6D-48ACB776602F}.Release|Win32.Build.0 = Release|Win32
		{3311110C-5402-2D44-8F6D-48ACB776602F}.Release|x64.ActiveCfg = Release|x64
		{3311110C-5402-2D44-8F6D-48ACB776602F}.Release|x64.Build.0 = Release|x64
		{3311110C-5402-2D44-8F6D-48ACB776602F}.Debug|Win32.ActiveCfg = Debug|Win32
		{3311110C-5402-2D44-8F6D-48ACB776602F}.Debug|Win32.Build.0 = Debug|Win32
		{3311110C-5402-2D44-8F6D-48ACB776602F}.Debug|x64.ActiveCfg = Debug|x64
		{3311110C-5402-2D44-8F6D-48ACB776602F}.Debug|x64.Build.0 = Debug|x64
		{9607C52F-2291-7C4F-867E-6276B6E42B25}.Release|Win32.ActiveCfg = Release|Win32
		{9607C52F-2291-7C4F-867E-6276B6E42B25}.Release|Win32.Build.0 = Release|Win32
		{9607C52F-2291-7C4F-867E-6276B6E42B25}.Release|x64.ActiveCfg = Release|x64
		{9607C52F-2291-7C4F-867E-6276B6E42B25}.Release|x64.Build.0 = Release|x64
		{9607C52F-2291-7C4F-867E-6276B6E42B25}.Debug|Win32.ActiveCfg = Debug|Win32
		{9607C52F-2291-7C4F-867E-6276B6E42B25}.Debug|Win32.Build.0 = Debug|Win32
		{9607C52F-2291-7C4F-867E-6276B6E42B25}.Debug|x64.ActiveCfg = Debug|x64
		{9607C52F-2291-7C4F-867E-6276B6E42B25}.Debug|x64.Build.0 = Debug|x64
		{4B517C15-1450-1D46-80EB-7EBE05474DBA}.Release|Win32.ActiveCfg = Release|Win32
		{4B517C15-1450-1D46-80EB-7EBE05474DBA}.Release|Win32.Build.0 = Release|Win32
		{4B517C15-1450-1D46-80EB-7EBE05474DBA}.Release|x64.ActiveCfg = Release|x64
		{4B517C15-1450-1D46-80EB-7EBE05474DBA}.Release|x64.Build.0 = Release|x64
		{4B517C15-1450-1D46-80EB-7EBE05474DBA}.Debug|Win32.ActiveCfg = Debug|Win32
		{4B517C15-1450-1D46-80EB-7EBE05474DBA}.Debug|Win32.Build.0 = Debug|Win32
		{4B517C15-1450-1D46-80EB-7EBE05474DBA}.Debug|x64.ActiveCfg = Debug|x64
		{4B517C15-1450-1D46-80EB-7EBE05474DBA}.Debug|x64.Build.0 = Debug|x64
		{BD78A507-B1AF-7F4D-8B20-3123C9ED6A2E}.Release|Win32.ActiveCfg = Release|Win32
		{BD78A507-B1AF-7F4D-8B20-3123C9ED6A2E}.Release|Win32.Build.0 = Release|Win32
		{BD78A507-B1AF-7F4D-8B20-3123C9ED6A2E}.Release|x64.ActiveCfg = Release|x64
		{BD78A507-B1AF-7F4D-8B20-3123C9ED6A2E}.Release|x64.Build.0 = Release|x64
		{BD78A507-B1AF-7F4D-8B20-3123C9ED6A2E}.Debug|Win32.ActiveCfg = Debug|Win32
		{BD78A507-B1AF-7F4D-8B20-3123C9ED6A2E}.Debug|Win32.Build.0 = Debug|Win32
		{BD78A507-B1AF-7F4D-8B20-3123C9ED6A2E}.Debug|x64.ActiveCfg = Debug|x64
		{BD78A507-B1AF-7F4D-8B20-3123C9ED6A2E}.Debug|x64.Build.0 = Debug|x64
	EndGlobalSection
	GlobalSection(SolutionProperties) = preSolution
		HideSolutionNode = FALSE
	EndGlobalSection
EndGlobal
