<?xml version="1.0" encoding="utf-8"?>
<Project ToolsVersion="4.0" xmlns="http://schemas.microsoft.com/developer/msbuild/2003">
  <ItemGroup>
    <Filter Include="examples">
      <UniqueIdentifier>{B4193A76-796C-E84B-AEF8-5570466E4A0C}</UniqueIdentifier>
    </Filter>
    <Filter Include="examples\ThirdPartyLibs">
      <UniqueIdentifier>{FB99AE26-3D8A-EC47-ADCC-2479EEBDBF42}</UniqueIdentifier>
    </Filter>
    <Filter Include="examples\ThirdPartyLibs\Glew">
      <UniqueIdentifier>{C0B8C1C6-BC0B-EE49-99E3-CCBA8490473C}</UniqueIdentifier>
    </Filter>
    <Filter Include="examples\ExtendedTutorials">
      <UniqueIdentifier>{8216FC9C-B21F-AB46-9CF3-517A2990289D}</UniqueIdentifier>
    </Filter>
    <Filter Include="examples\StandaloneMain">
      <UniqueIdentifier>{8F967AD8-5B8C-7A49-8915-ED3C9C3CE2FD}</UniqueIdentifier>
    </Filter>
    <Filter Include="examples\CommonInterfaces">
      <UniqueIdentifier>{37C2E5C7-4814-4948-AB26-5DA895F5AE7F}</UniqueIdentifier>
    </Filter>
    <Filter Include="examples\ExampleBrowser">
      <UniqueIdentifier>{856D39D0-DD37-6B4D-A430-4A1E0AE78A74}</UniqueIdentifier>
    </Filter>
    <Filter Include="examples\Utils">
      <UniqueIdentifier>{532D6806-E47D-1F42-B157-C846F22D171A}</UniqueIdentifier>
    </Filter>
    <Filter Include="examples\RenderingExamples">
      <UniqueIdentifier>{37C30741-DD05-B147-AEBB-50847E0EBFF5}</UniqueIdentifier>
    </Filter>
    <Filter Include="examples\MultiBody">
      <UniqueIdentifier>{E7D7C001-F448-6B42-A85E-058F717E907D}</UniqueIdentifier>
    </Filter>
    <Filter Include="examples\ThirdPartyLibs\tinyxml">
      <UniqueIdentifier>{42F2749C-C8F8-6A48-AE81-4AC89587FE54}</UniqueIdentifier>
    </Filter>
    <Filter Include="examples\ThirdPartyLibs\Wavefront">
      <UniqueIdentifier>{7D5C68CE-1C3E-C14D-A0DE-69EC1060F284}</UniqueIdentifier>
    </Filter>
    <Filter Include="examples\Importers">
      <UniqueIdentifier>{4F54C0EB-7475-0144-9E51-9435C8AE6087}</UniqueIdentifier>
    </Filter>
    <Filter Include="examples\Importers\ImportColladaDemo">
      <UniqueIdentifier>{D68193E7-C215-D64A-BFC3-AC31F906DA37}</UniqueIdentifier>
    </Filter>
    <Filter Include="examples\Importers\ImportObjDemo">
      <UniqueIdentifier>{32ACF011-35D9-864F-B35D-E52516FDF743}</UniqueIdentifier>
    </Filter>
    <Filter Include="examples\Importers\ImportURDFDemo">
      <UniqueIdentifier>{694B0E62-496D-C542-96E5-9102CDD6680A}</UniqueIdentifier>
    </Filter>
    <Filter Include="examples\Importers\ImportMeshUtility">
      <UniqueIdentifier>{7D437CD0-9CD3-9B43-B02B-FEFDEC61ECAD}</UniqueIdentifier>
    </Filter>
    <Filter Include="examples\ThirdPartyLibs\stb_image">
      <UniqueIdentifier>{F50038B4-6516-8E41-A9F1-E7F606B800A3}</UniqueIdentifier>
    </Filter>
  </ItemGroup>
  <ItemGroup>
    <ClInclude Include="..\..\examples\ExtendedTutorials\Bridge.h">
      <Filter>examples\ExtendedTutorials</Filter>
    </ClInclude>
    <ClInclude Include="..\..\examples\ExtendedTutorials\Chain.h">
      <Filter>examples\ExtendedTutorials</Filter>
    </ClInclude>
    <ClInclude Include="..\..\examples\ExtendedTutorials\InclinedPlane.h">
      <Filter>examples\ExtendedTutorials</Filter>
    </ClInclude>
    <ClInclude Include="..\..\examples\ExtendedTutorials\MultiPendulum.h">
      <Filter>examples\ExtendedTutorials</Filter>
    </ClInclude>
    <ClInclude Include="..\..\examples\ExtendedTutorials\MultipleBoxes.h">
      <Filter>examples\ExtendedTutorials</Filter>
    </ClInclude>
    <ClInclude Include="..\..\examples\ExtendedTutorials\NewtonsCradle.h">
      <Filter>examples\ExtendedTutorials</Filter>
    </ClInclude>
    <ClInclude Include="..\..\examples\ExtendedTutorials\NewtonsRopeCradle.h">
      <Filter>examples\ExtendedTutorials</Filter>
    </ClInclude>
    <ClInclude Include="..\..\examples\ExtendedTutorials\RigidBodyFromObj.h">
      <Filter>examples\ExtendedTutorials</Filter>
    </ClInclude>
    <ClInclude Include="..\..\examples\ExtendedTutorials\SimpleBox.h">
      <Filter>examples\ExtendedTutorials</Filter>
    </ClInclude>
    <ClInclude Include="..\..\examples\ExtendedTutorials\SimpleCloth.h">
      <Filter>examples\ExtendedTutorials</Filter>
    </ClInclude>
    <ClInclude Include="..\..\examples\ExtendedTutorials\SimpleJoint.h">
      <Filter>examples\ExtendedTutorials</Filter>
    </ClInclude>
    <ClInclude Include="..\..\examples\CommonInterfaces\Common2dCanvasInterface.h">
      <Filter>examples\CommonInterfaces</Filter>
    </ClInclude>
    <ClInclude Include="..\..\examples\CommonInterfaces\CommonCameraInterface.h">
      <Filter>examples\CommonInterfaces</Filter>
    </ClInclude>
    <ClInclude Include="..\..\examples\CommonInterfaces\CommonExampleInterface.h">
      <Filter>examples\CommonInterfaces</Filter>
    </ClInclude>
    <ClInclude Include="..\..\examples\CommonInterfaces\CommonGraphicsAppInterface.h">
      <Filter>examples\CommonInterfaces</Filter>
    </ClInclude>
    <ClInclude Include="..\..\examples\CommonInterfaces\CommonGUIHelperInterface.h">
      <Filter>examples\CommonInterfaces</Filter>
    </ClInclude>
    <ClInclude Include="..\..\examples\CommonInterfaces\CommonMultiBodyBase.h">
      <Filter>examples\CommonInterfaces</Filter>
    </ClInclude>
    <ClInclude Include="..\..\examples\CommonInterfaces\CommonParameterInterface.h">
      <Filter>examples\CommonInterfaces</Filter>
    </ClInclude>
    <ClInclude Include="..\..\examples\CommonInterfaces\CommonRenderInterface.h">
      <Filter>examples\CommonInterfaces</Filter>
    </ClInclude>
    <ClInclude Include="..\..\examples\CommonInterfaces\CommonRigidBodyBase.h">
      <Filter>examples\CommonInterfaces</Filter>
    </ClInclude>
    <ClInclude Include="..\..\examples\CommonInterfaces\CommonWindowInterface.h">
      <Filter>examples\CommonInterfaces</Filter>
    </ClInclude>
    <ClInclude Include="..\..\examples\Utils\b3ResourcePath.h">
      <Filter>examples\Utils</Filter>
    </ClInclude>
    <ClInclude Include="..\..\examples\ThirdPartyLibs\Wavefront\tiny_obj_loader.h">
      <Filter>examples\ThirdPartyLibs\Wavefront</Filter>
    </ClInclude>
    <ClInclude Include="..\..\examples\Utils\b3Clock.h">
      <Filter>examples\Utils</Filter>
    </ClInclude>
  </ItemGroup>
  <ItemGroup>
    <ClCompile Include="..\..\examples\ThirdPartyLibs\Glew\glew.c">
      <Filter>examples\ThirdPartyLibs\Glew</Filter>
    </ClCompile>
    <ClCompile Include="..\..\examples\ExtendedTutorials\RigidBodyFromObj.cpp">
      <Filter>examples\ExtendedTutorials</Filter>
    </ClCompile>
    <ClCompile Include="..\..\examples\StandaloneMain\main_opengl_single_example.cpp">
      <Filter>examples\StandaloneMain</Filter>
    </ClCompile>
    <ClCompile Include="..\..\examples\ExampleBrowser\OpenGLGuiHelper.cpp">
      <Filter>examples\ExampleBrowser</Filter>
    </ClCompile>
    <ClCompile Include="..\..\examples\ExampleBrowser\GL_ShapeDrawer.cpp">
      <Filter>examples\ExampleBrowser</Filter>
    </ClCompile>
    <ClCompile Include="..\..\examples\ExampleBrowser\CollisionShape2TriangleMesh.cpp">
      <Filter>examples\ExampleBrowser</Filter>
    </ClCompile>
    <ClCompile Include="..\..\examples\Utils\b3ResourcePath.cpp">
      <Filter>examples\Utils</Filter>
    </ClCompile>
    <ClCompile Include="..\..\examples\RenderingExamples\TimeSeriesCanvas.cpp">
      <Filter>examples\RenderingExamples</Filter>
    </ClCompile>
    <ClCompile Include="..\..\examples\RenderingExamples\TimeSeriesFontData.cpp">
      <Filter>examples\RenderingExamples</Filter>
    </ClCompile>
    <ClCompile Include="..\..\examples\MultiBody\InvertedPendulumPDControl.cpp">
      <Filter>examples\MultiBody</Filter>
    </ClCompile>
    <ClCompile Include="..\..\examples\ThirdPartyLibs\tinyxml\tinystr.cpp">
      <Filter>examples\ThirdPartyLibs\tinyxml</Filter>
    </ClCompile>
    <ClCompile Include="..\..\examples\ThirdPartyLibs\tinyxml\tinyxml.cpp">
      <Filter>examples\ThirdPartyLibs\tinyxml</Filter>
    </ClCompile>
    <ClCompile Include="..\..\examples\ThirdPartyLibs\tinyxml\tinyxmlerror.cpp">
      <Filter>examples\ThirdPartyLibs\tinyxml</Filter>
    </ClCompile>
    <ClCompile Include="..\..\examples\ThirdPartyLibs\tinyxml\tinyxmlparser.cpp">
      <Filter>examples\ThirdPartyLibs\tinyxml</Filter>
    </ClCompile>
    <ClCompile Include="..\..\examples\ThirdPartyLibs\Wavefront\tiny_obj_loader.cpp">
      <Filter>examples\ThirdPartyLibs\Wavefront</Filter>
    </ClCompile>
    <ClCompile Include="..\..\examples\Importers\ImportColladaDemo\LoadMeshFromCollada.cpp">
      <Filter>examples\Importers\ImportColladaDemo</Filter>
    </ClCompile>
    <ClCompile Include="..\..\examples\Importers\ImportObjDemo\LoadMeshFromObj.cpp">
      <Filter>examples\Importers\ImportObjDemo</Filter>
    </ClCompile>
    <ClCompile Include="..\..\examples\Importers\ImportObjDemo\Wavefront2GLInstanceGraphicsShape.cpp">
      <Filter>examples\Importers\ImportObjDemo</Filter>
    </ClCompile>
    <ClCompile Include="..\..\examples\Importers\ImportURDFDemo\BulletUrdfImporter.cpp">
      <Filter>examples\Importers\ImportURDFDemo</Filter>
    </ClCompile>
    <ClCompile Include="..\..\examples\Importers\ImportURDFDemo\MyMultiBodyCreator.cpp">
      <Filter>examples\Importers\ImportURDFDemo</Filter>
    </ClCompile>
    <ClCompile Include="..\..\examples\Importers\ImportURDFDemo\URDF2Bullet.cpp">
      <Filter>examples\Importers\ImportURDFDemo</Filter>
    </ClCompile>
    <ClCompile Include="..\..\examples\Importers\ImportURDFDemo\UrdfParser.cpp">
      <Filter>examples\Importers\ImportURDFDemo</Filter>
    </ClCompile>
    <ClCompile Include="..\..\examples\Importers\ImportURDFDemo\urdfStringSplit.cpp">
      <Filter>examples\Importers\ImportURDFDemo</Filter>
    </ClCompile>
    <ClCompile Include="..\..\examples\Importers\ImportMeshUtility\b3ImportMeshUtility.cpp">
      <Filter>examples\Importers\ImportMeshUtility</Filter>
    </ClCompile>
    <ClCompile Include="..\..\examples\ThirdPartyLibs\stb_image\stb_image.cpp">
      <Filter>examples\ThirdPartyLibs\stb_image</Filter>
    </ClCompile>
    <ClCompile Include="..\..\examples\Utils\b3Clock.cpp">
      <Filter>examples\Utils</Filter>
    </ClCompile>
  </ItemGroup>
</Project>
