<?xml version="1.0" encoding="UTF-8" standalone="yes" ?>
<CodeBlocks_project_file>
	<FileVersion major="1" minor="6" />
	<Project>
		<Option title="App_PhysicsServerSharedMemoryBridgeUDP" />
		<Option pch_mode="2" />
		<Option compiler="gcc" />
		<Build>
			<Target title="Debug Win32">
				<Option output="App_PhysicsServerSharedMemoryBridgeUDP" prefix_auto="1" extension_auto="1" />
				<Option type="0" />
				<Option compiler="gcc" />
				<Compiler>
					<Add option="-D_DEBUG=1" />
					<Add option="-DWIN32" />
					<Add directory="../../examples/ThirdPartyLibs/enet/include" />
					<Add directory="../../src" />
					<Add directory="../../examples/SharedMemory" />
				</Compiler>
				<Linker>
					<Add library="Ws2_32.lib" />
					<Add library="Winmm.lib" />
					<Add library="../../bin/enet_vs2010_debug.lib" />
					<Add library="../../bin/BulletFileLoader_vs2010_debug.lib" />
					<Add library="../../bin/Bullet3Common_vs2010_debug.lib" />
					<Add library="../../bin/LinearMath_vs2010_debug.lib" />
				</Linker>
			</Target>
			<Target title="Debug x64">
				<Option output="App_PhysicsServerSharedMemoryBridgeUDP" prefix_auto="1" extension_auto="1" />
				<Option type="0" />
				<Option compiler="gcc" />
				<Compiler>
					<Add option="-D_DEBUG=1" />
					<Add option="-DWIN32" />
					<Add directory="../../examples/ThirdPartyLibs/enet/include" />
					<Add directory="../../src" />
					<Add directory="../../examples/SharedMemory" />
				</Compiler>
				<Linker>
					<Add library="Ws2_32.lib" />
					<Add library="Winmm.lib" />
					<Add library="../../bin/enet_vs2010_x64_debug.lib" />
					<Add library="../../bin/BulletFileLoader_vs2010_x64_debug.lib" />
					<Add library="../../bin/Bullet3Common_vs2010_x64_debug.lib" />
					<Add library="../../bin/LinearMath_vs2010_x64_debug.lib" />
				</Linker>
			</Target>
			<Target title="Release x64">
				<Option output="App_PhysicsServerSharedMemoryBridgeUDP" prefix_auto="1" extension_auto="1" />
				<Option type="0" />
				<Option compiler="gcc" />
				<Compiler>
					<Add option="-DWIN32" />
					<Add directory="../../examples/ThirdPartyLibs/enet/include" />
					<Add directory="../../src" />
					<Add directory="../../examples/SharedMemory" />
				</Compiler>
				<Linker>
					<Add library="Ws2_32.lib" />
					<Add library="Winmm.lib" />
					<Add library="../../bin/enet_vs2010_x64_release.lib" />
					<Add library="../../bin/BulletFileLoader_vs2010_x64_release.lib" />
					<Add library="../../bin/Bullet3Common_vs2010_x64_release.lib" />
					<Add library="../../bin/LinearMath_vs2010_x64_release.lib" />
				</Linker>
			</Target>
			<Target title="Release Win32">
				<Option output="App_PhysicsServerSharedMemoryBridgeUDP" prefix_auto="1" extension_auto="1" />
				<Option type="0" />
				<Option compiler="gcc" />
				<Compiler>
					<Add option="-DWIN32" />
					<Add directory="../../examples/ThirdPartyLibs/enet/include" />
					<Add directory="../../src" />
					<Add directory="../../examples/SharedMemory" />
				</Compiler>
				<Linker>
					<Add library="Ws2_32.lib" />
					<Add library="Winmm.lib" />
					<Add library="../../bin/enet_vs2010.lib" />
					<Add library="../../bin/BulletFileLoader_vs2010.lib" />
					<Add library="../../bin/Bullet3Common_vs2010.lib" />
					<Add library="../../bin/LinearMath_vs2010.lib" />
				</Linker>
			</Target>
		</Build>
		<Unit filename="../../examples/SharedMemory/PhysicsClient.cpp" />
		<Unit filename="../../examples/SharedMemory/PhysicsClient.h" />
		<Unit filename="../../examples/SharedMemory/PhysicsClientC_API.cpp" />
		<Unit filename="../../examples/SharedMemory/PhysicsClientC_API.h" />
		<Unit filename="../../examples/SharedMemory/PhysicsCommandProcessorInterface.h" />
		<Unit filename="../../examples/SharedMemory/PhysicsDirect.cpp" />
		<Unit filename="../../examples/SharedMemory/PhysicsDirect.h" />
		<Unit filename="../../examples/SharedMemory/PosixSharedMemory.cpp" />
		<Unit filename="../../examples/SharedMemory/PosixSharedMemory.h" />
		<Unit filename="../../examples/SharedMemory/SharedMemoryCommandProcessor.cpp" />
		<Unit filename="../../examples/SharedMemory/SharedMemoryCommandProcessor.h" />
		<Unit filename="../../examples/SharedMemory/Win32SharedMemory.cpp" />
		<Unit filename="../../examples/SharedMemory/Win32SharedMemory.h" />
		<Unit filename="../../examples/SharedMemory/udp/main.cpp" />
		<Unit filename="../../examples/Utils/b3ResourcePath.cpp" />
		<Unit filename="../../examples/Utils/b3ResourcePath.h" />
		<Extensions>
			<code_completion />
			<envvars />
			<debugger />
		</Extensions>
	</Project>
</CodeBlocks_project_file>
