<?xml version="1.0" encoding="UTF-8" standalone="yes" ?>
<CodeBlocks_project_file>
	<FileVersion major="1" minor="6" />
	<Project>
		<Option title="App_BasicExample" />
		<Option pch_mode="2" />
		<Option compiler="gcc" />
		<Build>
			<Target title="Debug Win32">
				<Option output="App_BasicExample" prefix_auto="1" extension_auto="1" />
				<Option type="0" />
				<Option compiler="gcc" />
				<Compiler>
					<Add option="-D_DEBUG=1" />
					<Add directory="../../src" />
				</Compiler>
				<Linker>
					<Add library="../../bin/BulletDynamics_vs2010_debug.lib" />
					<Add library="../../bin/BulletCollision_vs2010_debug.lib" />
					<Add library="../../bin/LinearMath_vs2010_debug.lib" />
				</Linker>
			</Target>
			<Target title="Debug x64">
				<Option output="App_BasicExample" prefix_auto="1" extension_auto="1" />
				<Option type="0" />
				<Option compiler="gcc" />
				<Compiler>
					<Add option="-D_DEBUG=1" />
					<Add directory="../../src" />
				</Compiler>
				<Linker>
					<Add library="../../bin/BulletDynamics_vs2010_x64_debug.lib" />
					<Add library="../../bin/BulletCollision_vs2010_x64_debug.lib" />
					<Add library="../../bin/LinearMath_vs2010_x64_debug.lib" />
				</Linker>
			</Target>
			<Target title="Release x64">
				<Option output="App_BasicExample" prefix_auto="1" extension_auto="1" />
				<Option type="0" />
				<Option compiler="gcc" />
				<Compiler>
					<Add directory="../../src" />
				</Compiler>
				<Linker>
					<Add library="../../bin/BulletDynamics_vs2010_x64_release.lib" />
					<Add library="../../bin/BulletCollision_vs2010_x64_release.lib" />
					<Add library="../../bin/LinearMath_vs2010_x64_release.lib" />
				</Linker>
			</Target>
			<Target title="Release Win32">
				<Option output="App_BasicExample" prefix_auto="1" extension_auto="1" />
				<Option type="0" />
				<Option compiler="gcc" />
				<Compiler>
					<Add directory="../../src" />
				</Compiler>
				<Linker>
					<Add library="../../bin/BulletDynamics_vs2010.lib" />
					<Add library="../../bin/BulletCollision_vs2010.lib" />
					<Add library="../../bin/LinearMath_vs2010.lib" />
				</Linker>
			</Target>
		</Build>
		<Unit filename="../../examples/BasicDemo/BasicExample.cpp" />
		<Unit filename="../../examples/BasicDemo/BasicExample.h" />
		<Unit filename="../../examples/BasicDemo/main.cpp" />
		<Unit filename="../../examples/CommonInterfaces/Common2dCanvasInterface.h" />
		<Unit filename="../../examples/CommonInterfaces/CommonCameraInterface.h" />
		<Unit filename="../../examples/CommonInterfaces/CommonExampleInterface.h" />
		<Unit filename="../../examples/CommonInterfaces/CommonGUIHelperInterface.h" />
		<Unit filename="../../examples/CommonInterfaces/CommonGraphicsAppInterface.h" />
		<Unit filename="../../examples/CommonInterfaces/CommonMultiBodyBase.h" />
		<Unit filename="../../examples/CommonInterfaces/CommonParameterInterface.h" />
		<Unit filename="../../examples/CommonInterfaces/CommonRenderInterface.h" />
		<Unit filename="../../examples/CommonInterfaces/CommonRigidBodyBase.h" />
		<Unit filename="../../examples/CommonInterfaces/CommonWindowInterface.h" />
		<Extensions>
			<code_completion />
			<envvars />
			<debugger />
		</Extensions>
	</Project>
</CodeBlocks_project_file>
