<?xml version="1.0" encoding="UTF-8" standalone="yes" ?>
<CodeBlocks_project_file>
	<FileVersion major="1" minor="6" />
	<Project>
		<Option title="Bullet3Geometry" />
		<Option pch_mode="2" />
		<Option compiler="gcc" />
		<Build>
			<Target title="Debug Win32">
				<Option output="Bullet3Geometry" prefix_auto="1" extension_auto="1" />
				<Option working_dir="" />
				<Option type="2" />
				<Option compiler="gcc" />
				<Option createDefFile="1" />
				<Compiler>
					<Add option="-D_DEBUG=1" />
					<Add directory="../../src" />
				</Compiler>
			</Target>
			<Target title="Debug x64">
				<Option output="Bullet3Geometry" prefix_auto="1" extension_auto="1" />
				<Option working_dir="" />
				<Option type="2" />
				<Option compiler="gcc" />
				<Option createDefFile="1" />
				<Compiler>
					<Add option="-D_DEBUG=1" />
					<Add directory="../../src" />
				</Compiler>
			</Target>
			<Target title="Release x64">
				<Option output="Bullet3Geometry" prefix_auto="1" extension_auto="1" />
				<Option working_dir="" />
				<Option type="2" />
				<Option compiler="gcc" />
				<Option createDefFile="1" />
				<Compiler>
					<Add directory="../../src" />
				</Compiler>
			</Target>
			<Target title="Release Win32">
				<Option output="Bullet3Geometry" prefix_auto="1" extension_auto="1" />
				<Option working_dir="" />
				<Option type="2" />
				<Option compiler="gcc" />
				<Option createDefFile="1" />
				<Compiler>
					<Add directory="../../src" />
				</Compiler>
			</Target>
		</Build>
		<Unit filename="../../src/Bullet3Geometry/b3AabbUtil.h" />
		<Unit filename="../../src/Bullet3Geometry/b3ConvexHullComputer.cpp" />
		<Unit filename="../../src/Bullet3Geometry/b3ConvexHullComputer.h" />
		<Unit filename="../../src/Bullet3Geometry/b3GeometryUtil.cpp" />
		<Unit filename="../../src/Bullet3Geometry/b3GeometryUtil.h" />
		<Unit filename="../../src/Bullet3Geometry/b3GrahamScan2dConvexHull.h" />
		<Extensions>
			<code_completion />
			<envvars />
			<debugger />
		</Extensions>
	</Project>
</CodeBlocks_project_file>
