<?xml version="1.0" encoding="UTF-8" standalone="yes" ?>
<CodeBlocks_project_file>
	<FileVersion major="1" minor="6" />
	<Project>
		<Option title="Bullet3Dynamics" />
		<Option pch_mode="2" />
		<Option compiler="gcc" />
		<Build>
			<Target title="Debug Win32">
				<Option output="Bullet3Dynamics" prefix_auto="1" extension_auto="1" />
				<Option working_dir="" />
				<Option type="2" />
				<Option compiler="gcc" />
				<Option createDefFile="1" />
				<Compiler>
					<Add option="-D_DEBUG=1" />
					<Add directory="../../src" />
				</Compiler>
			</Target>
			<Target title="Debug x64">
				<Option output="Bullet3Dynamics" prefix_auto="1" extension_auto="1" />
				<Option working_dir="" />
				<Option type="2" />
				<Option compiler="gcc" />
				<Option createDefFile="1" />
				<Compiler>
					<Add option="-D_DEBUG=1" />
					<Add directory="../../src" />
				</Compiler>
			</Target>
			<Target title="Release x64">
				<Option output="Bullet3Dynamics" prefix_auto="1" extension_auto="1" />
				<Option working_dir="" />
				<Option type="2" />
				<Option compiler="gcc" />
				<Option createDefFile="1" />
				<Compiler>
					<Add directory="../../src" />
				</Compiler>
			</Target>
			<Target title="Release Win32">
				<Option output="Bullet3Dynamics" prefix_auto="1" extension_auto="1" />
				<Option working_dir="" />
				<Option type="2" />
				<Option compiler="gcc" />
				<Option createDefFile="1" />
				<Compiler>
					<Add directory="../../src" />
				</Compiler>
			</Target>
		</Build>
		<Unit filename="../../src/Bullet3Dynamics/ConstraintSolver/b3ContactSolverInfo.h" />
		<Unit filename="../../src/Bullet3Dynamics/ConstraintSolver/b3FixedConstraint.cpp" />
		<Unit filename="../../src/Bullet3Dynamics/ConstraintSolver/b3FixedConstraint.h" />
		<Unit filename="../../src/Bullet3Dynamics/ConstraintSolver/b3Generic6DofConstraint.cpp" />
		<Unit filename="../../src/Bullet3Dynamics/ConstraintSolver/b3Generic6DofConstraint.h" />
		<Unit filename="../../src/Bullet3Dynamics/ConstraintSolver/b3JacobianEntry.h" />
		<Unit filename="../../src/Bullet3Dynamics/ConstraintSolver/b3PgsJacobiSolver.cpp" />
		<Unit filename="../../src/Bullet3Dynamics/ConstraintSolver/b3PgsJacobiSolver.h" />
		<Unit filename="../../src/Bullet3Dynamics/ConstraintSolver/b3Point2PointConstraint.cpp" />
		<Unit filename="../../src/Bullet3Dynamics/ConstraintSolver/b3Point2PointConstraint.h" />
		<Unit filename="../../src/Bullet3Dynamics/ConstraintSolver/b3SolverBody.h" />
		<Unit filename="../../src/Bullet3Dynamics/ConstraintSolver/b3SolverConstraint.h" />
		<Unit filename="../../src/Bullet3Dynamics/ConstraintSolver/b3TypedConstraint.cpp" />
		<Unit filename="../../src/Bullet3Dynamics/ConstraintSolver/b3TypedConstraint.h" />
		<Unit filename="../../src/Bullet3Dynamics/b3CpuRigidBodyPipeline.cpp" />
		<Unit filename="../../src/Bullet3Dynamics/b3CpuRigidBodyPipeline.h" />
		<Unit filename="../../src/Bullet3Dynamics/shared/b3ContactConstraint4.h" />
		<Unit filename="../../src/Bullet3Dynamics/shared/b3ConvertConstraint4.h" />
		<Unit filename="../../src/Bullet3Dynamics/shared/b3Inertia.h" />
		<Unit filename="../../src/Bullet3Dynamics/shared/b3IntegrateTransforms.h" />
		<Extensions>
			<code_completion />
			<envvars />
			<debugger />
		</Extensions>
	</Project>
</CodeBlocks_project_file>
