<?xml version="1.0" encoding="utf-8"?>
<Project ToolsVersion="4.0" xmlns="http://schemas.microsoft.com/developer/msbuild/2003">
  <ItemGroup>
    <Filter Include="src">
      <UniqueIdentifier>{DF680791-AC75-A74F-A997-13BFD55EB9A0}</UniqueIdentifier>
    </Filter>
    <Filter Include="src\Bullet3Collision">
      <UniqueIdentifier>{FCF2A1B0-5FFC-DD48-92EB-863773577747}</UniqueIdentifier>
    </Filter>
    <Filter Include="src\Bullet3Collision\BroadPhaseCollision">
      <UniqueIdentifier>{755863FC-200C-F049-8259-574D1696FFEF}</UniqueIdentifier>
    </Filter>
    <Filter Include="src\Bullet3Collision\NarrowPhaseCollision">
      <UniqueIdentifier>{A5ACDD5F-BD3C-9247-91F4-E5A8776A273E}</UniqueIdentifier>
    </Filter>
    <Filter Include="src\Bullet3Collision\BroadPhaseCollision\shared">
      <UniqueIdentifier>{D8C7F5A3-B5B6-CD49-9024-AA9178C96964}</UniqueIdentifier>
    </Filter>
    <Filter Include="src\Bullet3Collision\NarrowPhaseCollision\shared">
      <UniqueIdentifier>{9E7795C7-30C6-3B4C-9CF0-BBDFFBA21FF1}</UniqueIdentifier>
    </Filter>
  </ItemGroup>
  <ItemGroup>
    <ClInclude Include="..\..\src\Bullet3Collision\BroadPhaseCollision\b3BroadphaseCallback.h">
      <Filter>src\Bullet3Collision\BroadPhaseCollision</Filter>
    </ClInclude>
    <ClInclude Include="..\..\src\Bullet3Collision\BroadPhaseCollision\b3DynamicBvh.h">
      <Filter>src\Bullet3Collision\BroadPhaseCollision</Filter>
    </ClInclude>
    <ClInclude Include="..\..\src\Bullet3Collision\BroadPhaseCollision\b3DynamicBvhBroadphase.h">
      <Filter>src\Bullet3Collision\BroadPhaseCollision</Filter>
    </ClInclude>
    <ClInclude Include="..\..\src\Bullet3Collision\BroadPhaseCollision\b3OverlappingPair.h">
      <Filter>src\Bullet3Collision\BroadPhaseCollision</Filter>
    </ClInclude>
    <ClInclude Include="..\..\src\Bullet3Collision\BroadPhaseCollision\b3OverlappingPairCache.h">
      <Filter>src\Bullet3Collision\BroadPhaseCollision</Filter>
    </ClInclude>
    <ClInclude Include="..\..\src\Bullet3Collision\BroadPhaseCollision\shared\b3Aabb.h">
      <Filter>src\Bullet3Collision\BroadPhaseCollision\shared</Filter>
    </ClInclude>
    <ClInclude Include="..\..\src\Bullet3Collision\NarrowPhaseCollision\b3Config.h">
      <Filter>src\Bullet3Collision\NarrowPhaseCollision</Filter>
    </ClInclude>
    <ClInclude Include="..\..\src\Bullet3Collision\NarrowPhaseCollision\b3Contact4.h">
      <Filter>src\Bullet3Collision\NarrowPhaseCollision</Filter>
    </ClInclude>
    <ClInclude Include="..\..\src\Bullet3Collision\NarrowPhaseCollision\b3ConvexUtility.h">
      <Filter>src\Bullet3Collision\NarrowPhaseCollision</Filter>
    </ClInclude>
    <ClInclude Include="..\..\src\Bullet3Collision\NarrowPhaseCollision\b3CpuNarrowPhase.h">
      <Filter>src\Bullet3Collision\NarrowPhaseCollision</Filter>
    </ClInclude>
    <ClInclude Include="..\..\src\Bullet3Collision\NarrowPhaseCollision\b3RaycastInfo.h">
      <Filter>src\Bullet3Collision\NarrowPhaseCollision</Filter>
    </ClInclude>
    <ClInclude Include="..\..\src\Bullet3Collision\NarrowPhaseCollision\b3RigidBodyCL.h">
      <Filter>src\Bullet3Collision\NarrowPhaseCollision</Filter>
    </ClInclude>
    <ClInclude Include="..\..\src\Bullet3Collision\NarrowPhaseCollision\shared\b3BvhSubtreeInfoData.h">
      <Filter>src\Bullet3Collision\NarrowPhaseCollision\shared</Filter>
    </ClInclude>
    <ClInclude Include="..\..\src\Bullet3Collision\NarrowPhaseCollision\shared\b3BvhTraversal.h">
      <Filter>src\Bullet3Collision\NarrowPhaseCollision\shared</Filter>
    </ClInclude>
    <ClInclude Include="..\..\src\Bullet3Collision\NarrowPhaseCollision\shared\b3ClipFaces.h">
      <Filter>src\Bullet3Collision\NarrowPhaseCollision\shared</Filter>
    </ClInclude>
    <ClInclude Include="..\..\src\Bullet3Collision\NarrowPhaseCollision\shared\b3Collidable.h">
      <Filter>src\Bullet3Collision\NarrowPhaseCollision\shared</Filter>
    </ClInclude>
    <ClInclude Include="..\..\src\Bullet3Collision\NarrowPhaseCollision\shared\b3Contact4Data.h">
      <Filter>src\Bullet3Collision\NarrowPhaseCollision\shared</Filter>
    </ClInclude>
    <ClInclude Include="..\..\src\Bullet3Collision\NarrowPhaseCollision\shared\b3ContactConvexConvexSAT.h">
      <Filter>src\Bullet3Collision\NarrowPhaseCollision\shared</Filter>
    </ClInclude>
    <ClInclude Include="..\..\src\Bullet3Collision\NarrowPhaseCollision\shared\b3ContactSphereSphere.h">
      <Filter>src\Bullet3Collision\NarrowPhaseCollision\shared</Filter>
    </ClInclude>
    <ClInclude Include="..\..\src\Bullet3Collision\NarrowPhaseCollision\shared\b3ConvexPolyhedronData.h">
      <Filter>src\Bullet3Collision\NarrowPhaseCollision\shared</Filter>
    </ClInclude>
    <ClInclude Include="..\..\src\Bullet3Collision\NarrowPhaseCollision\shared\b3FindConcaveSatAxis.h">
      <Filter>src\Bullet3Collision\NarrowPhaseCollision\shared</Filter>
    </ClInclude>
    <ClInclude Include="..\..\src\Bullet3Collision\NarrowPhaseCollision\shared\b3FindSeparatingAxis.h">
      <Filter>src\Bullet3Collision\NarrowPhaseCollision\shared</Filter>
    </ClInclude>
    <ClInclude Include="..\..\src\Bullet3Collision\NarrowPhaseCollision\shared\b3MprPenetration.h">
      <Filter>src\Bullet3Collision\NarrowPhaseCollision\shared</Filter>
    </ClInclude>
    <ClInclude Include="..\..\src\Bullet3Collision\NarrowPhaseCollision\shared\b3NewContactReduction.h">
      <Filter>src\Bullet3Collision\NarrowPhaseCollision\shared</Filter>
    </ClInclude>
    <ClInclude Include="..\..\src\Bullet3Collision\NarrowPhaseCollision\shared\b3QuantizedBvhNodeData.h">
      <Filter>src\Bullet3Collision\NarrowPhaseCollision\shared</Filter>
    </ClInclude>
    <ClInclude Include="..\..\src\Bullet3Collision\NarrowPhaseCollision\shared\b3ReduceContacts.h">
      <Filter>src\Bullet3Collision\NarrowPhaseCollision\shared</Filter>
    </ClInclude>
    <ClInclude Include="..\..\src\Bullet3Collision\NarrowPhaseCollision\shared\b3RigidBodyData.h">
      <Filter>src\Bullet3Collision\NarrowPhaseCollision\shared</Filter>
    </ClInclude>
    <ClInclude Include="..\..\src\Bullet3Collision\NarrowPhaseCollision\shared\b3UpdateAabbs.h">
      <Filter>src\Bullet3Collision\NarrowPhaseCollision\shared</Filter>
    </ClInclude>
  </ItemGroup>
  <ItemGroup>
    <ClCompile Include="..\..\src\Bullet3Collision\BroadPhaseCollision\b3DynamicBvh.cpp">
      <Filter>src\Bullet3Collision\BroadPhaseCollision</Filter>
    </ClCompile>
    <ClCompile Include="..\..\src\Bullet3Collision\BroadPhaseCollision\b3DynamicBvhBroadphase.cpp">
      <Filter>src\Bullet3Collision\BroadPhaseCollision</Filter>
    </ClCompile>
    <ClCompile Include="..\..\src\Bullet3Collision\BroadPhaseCollision\b3OverlappingPairCache.cpp">
      <Filter>src\Bullet3Collision\BroadPhaseCollision</Filter>
    </ClCompile>
    <ClCompile Include="..\..\src\Bullet3Collision\NarrowPhaseCollision\b3ConvexUtility.cpp">
      <Filter>src\Bullet3Collision\NarrowPhaseCollision</Filter>
    </ClCompile>
    <ClCompile Include="..\..\src\Bullet3Collision\NarrowPhaseCollision\b3CpuNarrowPhase.cpp">
      <Filter>src\Bullet3Collision\NarrowPhaseCollision</Filter>
    </ClCompile>
  </ItemGroup>
</Project>
