<?xml version="1.0" encoding="UTF-8" standalone="yes" ?>
<CodeBlocks_project_file>
	<FileVersion major="1" minor="6" />
	<Project>
		<Option title="Bullet3Common" />
		<Option pch_mode="2" />
		<Option compiler="gcc" />
		<Build>
			<Target title="Debug Win32">
				<Option output="Bullet3Common" prefix_auto="1" extension_auto="1" />
				<Option working_dir="" />
				<Option type="2" />
				<Option compiler="gcc" />
				<Option createDefFile="1" />
				<Compiler>
					<Add option="-D_DEBUG=1" />
					<Add directory="../../src" />
				</Compiler>
			</Target>
			<Target title="Debug x64">
				<Option output="Bullet3Common" prefix_auto="1" extension_auto="1" />
				<Option working_dir="" />
				<Option type="2" />
				<Option compiler="gcc" />
				<Option createDefFile="1" />
				<Compiler>
					<Add option="-D_DEBUG=1" />
					<Add directory="../../src" />
				</Compiler>
			</Target>
			<Target title="Release x64">
				<Option output="Bullet3Common" prefix_auto="1" extension_auto="1" />
				<Option working_dir="" />
				<Option type="2" />
				<Option compiler="gcc" />
				<Option createDefFile="1" />
				<Compiler>
					<Add directory="../../src" />
				</Compiler>
			</Target>
			<Target title="Release Win32">
				<Option output="Bullet3Common" prefix_auto="1" extension_auto="1" />
				<Option working_dir="" />
				<Option type="2" />
				<Option compiler="gcc" />
				<Option createDefFile="1" />
				<Compiler>
					<Add directory="../../src" />
				</Compiler>
			</Target>
		</Build>
		<Unit filename="../../src/Bullet3Common/b3AlignedAllocator.cpp" />
		<Unit filename="../../src/Bullet3Common/b3AlignedAllocator.h" />
		<Unit filename="../../src/Bullet3Common/b3AlignedObjectArray.h" />
		<Unit filename="../../src/Bullet3Common/b3CommandLineArgs.h" />
		<Unit filename="../../src/Bullet3Common/b3FileUtils.h" />
		<Unit filename="../../src/Bullet3Common/b3HashMap.h" />
		<Unit filename="../../src/Bullet3Common/b3Logging.cpp" />
		<Unit filename="../../src/Bullet3Common/b3Logging.h" />
		<Unit filename="../../src/Bullet3Common/b3Matrix3x3.h" />
		<Unit filename="../../src/Bullet3Common/b3MinMax.h" />
		<Unit filename="../../src/Bullet3Common/b3PoolAllocator.h" />
		<Unit filename="../../src/Bullet3Common/b3QuadWord.h" />
		<Unit filename="../../src/Bullet3Common/b3Quaternion.h" />
		<Unit filename="../../src/Bullet3Common/b3Random.h" />
		<Unit filename="../../src/Bullet3Common/b3Scalar.h" />
		<Unit filename="../../src/Bullet3Common/b3StackAlloc.h" />
		<Unit filename="../../src/Bullet3Common/b3Transform.h" />
		<Unit filename="../../src/Bullet3Common/b3TransformUtil.h" />
		<Unit filename="../../src/Bullet3Common/b3Vector3.cpp" />
		<Unit filename="../../src/Bullet3Common/b3Vector3.h" />
		<Extensions>
			<code_completion />
			<envvars />
			<debugger />
		</Extensions>
	</Project>
</CodeBlocks_project_file>
