<?xml version="1.0" encoding="UTF-8" standalone="yes" ?>
<CodeBlocks_project_file>
	<FileVersion major="1" minor="6" />
	<Project>
		<Option title="BussIK" />
		<Option pch_mode="2" />
		<Option compiler="gcc" />
		<Build>
			<Target title="Debug Win32">
				<Option output="BussIK" prefix_auto="1" extension_auto="1" />
				<Option working_dir="" />
				<Option type="2" />
				<Option compiler="gcc" />
				<Option createDefFile="1" />
				<Compiler>
					<Add option="-D_DEBUG=1" />
					<Add directory="../../examples/ThirdPartyLibs/BussIK" />
				</Compiler>
			</Target>
			<Target title="Debug x64">
				<Option output="BussIK" prefix_auto="1" extension_auto="1" />
				<Option working_dir="" />
				<Option type="2" />
				<Option compiler="gcc" />
				<Option createDefFile="1" />
				<Compiler>
					<Add option="-D_DEBUG=1" />
					<Add directory="../../examples/ThirdPartyLibs/BussIK" />
				</Compiler>
			</Target>
			<Target title="Release x64">
				<Option output="BussIK" prefix_auto="1" extension_auto="1" />
				<Option working_dir="" />
				<Option type="2" />
				<Option compiler="gcc" />
				<Option createDefFile="1" />
				<Compiler>
					<Add directory="../../examples/ThirdPartyLibs/BussIK" />
				</Compiler>
			</Target>
			<Target title="Release Win32">
				<Option output="BussIK" prefix_auto="1" extension_auto="1" />
				<Option working_dir="" />
				<Option type="2" />
				<Option compiler="gcc" />
				<Option createDefFile="1" />
				<Compiler>
					<Add directory="../../examples/ThirdPartyLibs/BussIK" />
				</Compiler>
			</Target>
		</Build>
		<Unit filename="../../examples/ThirdPartyLibs/BussIK/Jacobian.cpp" />
		<Unit filename="../../examples/ThirdPartyLibs/BussIK/Jacobian.h" />
		<Unit filename="../../examples/ThirdPartyLibs/BussIK/LinearR2.cpp" />
		<Unit filename="../../examples/ThirdPartyLibs/BussIK/LinearR2.h" />
		<Unit filename="../../examples/ThirdPartyLibs/BussIK/LinearR3.cpp" />
		<Unit filename="../../examples/ThirdPartyLibs/BussIK/LinearR3.h" />
		<Unit filename="../../examples/ThirdPartyLibs/BussIK/LinearR4.cpp" />
		<Unit filename="../../examples/ThirdPartyLibs/BussIK/LinearR4.h" />
		<Unit filename="../../examples/ThirdPartyLibs/BussIK/MathMisc.h" />
		<Unit filename="../../examples/ThirdPartyLibs/BussIK/MatrixRmn.cpp" />
		<Unit filename="../../examples/ThirdPartyLibs/BussIK/MatrixRmn.h" />
		<Unit filename="../../examples/ThirdPartyLibs/BussIK/Misc.cpp" />
		<Unit filename="../../examples/ThirdPartyLibs/BussIK/Node.cpp" />
		<Unit filename="../../examples/ThirdPartyLibs/BussIK/Node.h" />
		<Unit filename="../../examples/ThirdPartyLibs/BussIK/Spherical.h" />
		<Unit filename="../../examples/ThirdPartyLibs/BussIK/Tree.cpp" />
		<Unit filename="../../examples/ThirdPartyLibs/BussIK/Tree.h" />
		<Unit filename="../../examples/ThirdPartyLibs/BussIK/VectorRn.cpp" />
		<Unit filename="../../examples/ThirdPartyLibs/BussIK/VectorRn.h" />
		<Extensions>
			<code_completion />
			<envvars />
			<debugger />
		</Extensions>
	</Project>
</CodeBlocks_project_file>
