<?xml version="1.0" encoding="utf-8"?>
<Project ToolsVersion="4.0" xmlns="http://schemas.microsoft.com/developer/msbuild/2003">
  <ItemGroup>
    <Filter Include="test">
      <UniqueIdentifier>{3CDF7517-5450-F741-8876-250E42B6B50C}</UniqueIdentifier>
    </Filter>
    <Filter Include="test\gtest-1.7.0">
      <UniqueIdentifier>{48117E8F-D79E-CD4C-B8CD-00A5A64CD9A0}</UniqueIdentifier>
    </Filter>
    <Filter Include="test\gtest-1.7.0\src">
      <UniqueIdentifier>{6733DD3E-7F06-B848-AF71-8EC4584B22BA}</UniqueIdentifier>
    </Filter>
  </ItemGroup>
  <ItemGroup>
    <ClCompile Include="..\..\test\gtest-1.7.0\src\gtest-all.cc">
      <Filter>test\gtest-1.7.0\src</Filter>
    </ClCompile>
  </ItemGroup>
</Project>
