<?xml version="1.0" encoding="UTF-8" standalone="yes" ?>
<CodeBlocks_project_file>
	<FileVersion major="1" minor="6" />
	<Project>
		<Option title="HACD" />
		<Option pch_mode="2" />
		<Option compiler="gcc" />
		<Build>
			<Target title="Debug Win32">
				<Option output="HACD" prefix_auto="1" extension_auto="1" />
				<Option working_dir="" />
				<Option type="2" />
				<Option compiler="gcc" />
				<Option createDefFile="1" />
				<Compiler>
					<Add option="-D_DEBUG=1" />
					<Add directory="../../Extras/HACD" />
				</Compiler>
			</Target>
			<Target title="Debug x64">
				<Option output="HACD" prefix_auto="1" extension_auto="1" />
				<Option working_dir="" />
				<Option type="2" />
				<Option compiler="gcc" />
				<Option createDefFile="1" />
				<Compiler>
					<Add option="-D_DEBUG=1" />
					<Add directory="../../Extras/HACD" />
				</Compiler>
			</Target>
			<Target title="Release x64">
				<Option output="HACD" prefix_auto="1" extension_auto="1" />
				<Option working_dir="" />
				<Option type="2" />
				<Option compiler="gcc" />
				<Option createDefFile="1" />
				<Compiler>
					<Add directory="../../Extras/HACD" />
				</Compiler>
			</Target>
			<Target title="Release Win32">
				<Option output="HACD" prefix_auto="1" extension_auto="1" />
				<Option working_dir="" />
				<Option type="2" />
				<Option compiler="gcc" />
				<Option createDefFile="1" />
				<Compiler>
					<Add directory="../../Extras/HACD" />
				</Compiler>
			</Target>
		</Build>
		<Unit filename="../../Extras/HACD/hacdCircularList.h" />
		<Unit filename="../../Extras/HACD/hacdGraph.cpp" />
		<Unit filename="../../Extras/HACD/hacdGraph.h" />
		<Unit filename="../../Extras/HACD/hacdHACD.cpp" />
		<Unit filename="../../Extras/HACD/hacdHACD.h" />
		<Unit filename="../../Extras/HACD/hacdICHull.cpp" />
		<Unit filename="../../Extras/HACD/hacdICHull.h" />
		<Unit filename="../../Extras/HACD/hacdManifoldMesh.cpp" />
		<Unit filename="../../Extras/HACD/hacdManifoldMesh.h" />
		<Unit filename="../../Extras/HACD/hacdVector.h" />
		<Unit filename="../../Extras/HACD/hacdVersion.h" />
		<Extensions>
			<code_completion />
			<envvars />
			<debugger />
		</Extensions>
	</Project>
</CodeBlocks_project_file>
