<?xml version="1.0" encoding="UTF-8" standalone="yes" ?>
<CodeBlocks_project_file>
	<FileVersion major="1" minor="6" />
	<Project>
		<Option title="OpenGL_Window" />
		<Option pch_mode="2" />
		<Option compiler="gcc" />
		<Build>
			<Target title="Debug Win32">
				<Option output="OpenGL_Window" prefix_auto="1" extension_auto="1" />
				<Option working_dir="" />
				<Option type="2" />
				<Option compiler="gcc" />
				<Option createDefFile="1" />
				<Compiler>
					<Add option="-D_DEBUG=1" />
					<Add option="-DGLEW_STATIC" />
					<Add directory="../../examples/ThirdPartyLibs/Glew" />
					<Add directory="../../src" />
				</Compiler>
			</Target>
			<Target title="Debug x64">
				<Option output="OpenGL_Window" prefix_auto="1" extension_auto="1" />
				<Option working_dir="" />
				<Option type="2" />
				<Option compiler="gcc" />
				<Option createDefFile="1" />
				<Compiler>
					<Add option="-D_DEBUG=1" />
					<Add option="-DGLEW_STATIC" />
					<Add directory="../../examples/ThirdPartyLibs/Glew" />
					<Add directory="../../src" />
				</Compiler>
			</Target>
			<Target title="Release x64">
				<Option output="OpenGL_Window" prefix_auto="1" extension_auto="1" />
				<Option working_dir="" />
				<Option type="2" />
				<Option compiler="gcc" />
				<Option createDefFile="1" />
				<Compiler>
					<Add option="-DGLEW_STATIC" />
					<Add directory="../../examples/ThirdPartyLibs/Glew" />
					<Add directory="../../src" />
				</Compiler>
			</Target>
			<Target title="Release Win32">
				<Option output="OpenGL_Window" prefix_auto="1" extension_auto="1" />
				<Option working_dir="" />
				<Option type="2" />
				<Option compiler="gcc" />
				<Option createDefFile="1" />
				<Compiler>
					<Add option="-DGLEW_STATIC" />
					<Add directory="../../examples/ThirdPartyLibs/Glew" />
					<Add directory="../../src" />
				</Compiler>
			</Target>
		</Build>
		<Unit filename="../../examples/OpenGLWindow/GLInstanceGraphicsShape.h" />
		<Unit filename="../../examples/OpenGLWindow/GLInstanceRendererInternalData.h" />
		<Unit filename="../../examples/OpenGLWindow/GLInstancingRenderer.cpp" />
		<Unit filename="../../examples/OpenGLWindow/GLInstancingRenderer.h" />
		<Unit filename="../../examples/OpenGLWindow/GLPrimInternalData.h" />
		<Unit filename="../../examples/OpenGLWindow/GLPrimitiveRenderer.cpp" />
		<Unit filename="../../examples/OpenGLWindow/GLPrimitiveRenderer.h" />
		<Unit filename="../../examples/OpenGLWindow/GLRenderToTexture.cpp" />
		<Unit filename="../../examples/OpenGLWindow/GLRenderToTexture.h" />
		<Unit filename="../../examples/OpenGLWindow/GwenOpenGL3CoreRenderer.h" />
		<Unit filename="../../examples/OpenGLWindow/LoadShader.cpp" />
		<Unit filename="../../examples/OpenGLWindow/LoadShader.h" />
		<Unit filename="../../examples/OpenGLWindow/MacOpenGLWindow.h" />
		<Unit filename="../../examples/OpenGLWindow/OpenGL2Include.h" />
		<Unit filename="../../examples/OpenGLWindow/OpenGLInclude.h" />
		<Unit filename="../../examples/OpenGLWindow/OpenSans.cpp" />
		<Unit filename="../../examples/OpenGLWindow/ShapeData.h" />
		<Unit filename="../../examples/OpenGLWindow/SimpleCamera.cpp" />
		<Unit filename="../../examples/OpenGLWindow/SimpleCamera.h" />
		<Unit filename="../../examples/OpenGLWindow/SimpleOpenGL2App.cpp" />
		<Unit filename="../../examples/OpenGLWindow/SimpleOpenGL2App.h" />
		<Unit filename="../../examples/OpenGLWindow/SimpleOpenGL2Renderer.cpp" />
		<Unit filename="../../examples/OpenGLWindow/SimpleOpenGL2Renderer.h" />
		<Unit filename="../../examples/OpenGLWindow/SimpleOpenGL3App.cpp" />
		<Unit filename="../../examples/OpenGLWindow/SimpleOpenGL3App.h" />
		<Unit filename="../../examples/OpenGLWindow/TwFonts.cpp" />
		<Unit filename="../../examples/OpenGLWindow/TwFonts.h" />
		<Unit filename="../../examples/OpenGLWindow/Win32InternalWindowData.h" />
		<Unit filename="../../examples/OpenGLWindow/Win32OpenGLWindow.cpp" />
		<Unit filename="../../examples/OpenGLWindow/Win32OpenGLWindow.h" />
		<Unit filename="../../examples/OpenGLWindow/Win32Window.cpp" />
		<Unit filename="../../examples/OpenGLWindow/Win32Window.h" />
		<Unit filename="../../examples/OpenGLWindow/X11OpenGLWindow.h" />
		<Unit filename="../../examples/OpenGLWindow/fontstash.cpp" />
		<Unit filename="../../examples/OpenGLWindow/fontstash.h" />
		<Unit filename="../../examples/OpenGLWindow/opengl_fontstashcallbacks.cpp" />
		<Unit filename="../../examples/OpenGLWindow/opengl_fontstashcallbacks.h" />
		<Unit filename="../../examples/OpenGLWindow/stb_image_write.h" />
		<Unit filename="../../examples/OpenGLWindow/stb_truetype.h" />
		<Unit filename="../../examples/ThirdPartyLibs/Glew/glew.c">
			<Option compilerVar="CC" />
		</Unit>
		<Extensions>
			<code_completion />
			<envvars />
			<debugger />
		</Extensions>
	</Project>
</CodeBlocks_project_file>
