<?xml version="1.0" encoding="utf-8"?>
<Project ToolsVersion="4.0" xmlns="http://schemas.microsoft.com/developer/msbuild/2003">
  <ItemGroup>
    <Filter Include="test">
      <UniqueIdentifier>{69223D49-DACF-8E4B-85E3-698005C0BC85}</UniqueIdentifier>
    </Filter>
    <Filter Include="test\enet">
      <UniqueIdentifier>{2E77599D-5760-4B44-813B-F207B839AD3A}</UniqueIdentifier>
    </Filter>
    <Filter Include="test\enet\nat_punchthrough">
      <UniqueIdentifier>{882DA863-453E-444A-8C71-0AEF00301E34}</UniqueIdentifier>
    </Filter>
    <Filter Include="test\enet\nat_punchthrough\server">
      <UniqueIdentifier>{9946FE17-25D7-6C4C-929E-4E61737508BE}</UniqueIdentifier>
    </Filter>
  </ItemGroup>
  <ItemGroup>
    <ClCompile Include="..\..\test\enet\nat_punchthrough\server\main.cpp">
      <Filter>test\enet\nat_punchthrough\server</Filter>
    </ClCompile>
  </ItemGroup>
</Project>
