<?xml version="1.0" encoding="UTF-8" standalone="yes" ?>
<CodeBlocks_project_file>
	<FileVersion major="1" minor="6" />
	<Project>
		<Option title="Test_InverseForwardDynamics" />
		<Option pch_mode="2" />
		<Option compiler="gcc" />
		<Build>
			<Target title="Debug Win32">
				<Option output="Test_InverseForwardDynamics" prefix_auto="1" extension_auto="1" />
				<Option type="0" />
				<Option compiler="gcc" />
				<Compiler>
					<Add option="-D_DEBUG=1" />
					<Add option="-D_VARIADIC_MAX=10" />
					<Add directory="../../test/InverseDynamics" />
					<Add directory="../../src" />
					<Add directory="../../examples/InverseDynamics" />
					<Add directory="../../examples/ThirdPartyLibs" />
					<Add directory="../../Extras/InverseDynamics" />
					<Add directory="../../test/gtest-1.7.0/include" />
				</Compiler>
				<Linker>
					<Add library="../../bin/BulletDynamics_vs2010_debug.lib" />
					<Add library="../../bin/BulletCollision_vs2010_debug.lib" />
					<Add library="../../bin/BulletInverseDynamicsUtils_vs2010_debug.lib" />
					<Add library="../../bin/BulletInverseDynamics_vs2010_debug.lib" />
					<Add library="../../bin/Bullet3Common_vs2010_debug.lib" />
					<Add library="../../bin/LinearMath_vs2010_debug.lib" />
					<Add library="../../bin/gtest_vs2010_debug.lib" />
				</Linker>
			</Target>
			<Target title="Debug x64">
				<Option output="Test_InverseForwardDynamics" prefix_auto="1" extension_auto="1" />
				<Option type="0" />
				<Option compiler="gcc" />
				<Compiler>
					<Add option="-D_DEBUG=1" />
					<Add option="-D_VARIADIC_MAX=10" />
					<Add directory="../../test/InverseDynamics" />
					<Add directory="../../src" />
					<Add directory="../../examples/InverseDynamics" />
					<Add directory="../../examples/ThirdPartyLibs" />
					<Add directory="../../Extras/InverseDynamics" />
					<Add directory="../../test/gtest-1.7.0/include" />
				</Compiler>
				<Linker>
					<Add library="../../bin/BulletDynamics_vs2010_x64_debug.lib" />
					<Add library="../../bin/BulletCollision_vs2010_x64_debug.lib" />
					<Add library="../../bin/BulletInverseDynamicsUtils_vs2010_x64_debug.lib" />
					<Add library="../../bin/BulletInverseDynamics_vs2010_x64_debug.lib" />
					<Add library="../../bin/Bullet3Common_vs2010_x64_debug.lib" />
					<Add library="../../bin/LinearMath_vs2010_x64_debug.lib" />
					<Add library="../../bin/gtest_vs2010_x64_debug.lib" />
				</Linker>
			</Target>
			<Target title="Release x64">
				<Option output="Test_InverseForwardDynamics" prefix_auto="1" extension_auto="1" />
				<Option type="0" />
				<Option compiler="gcc" />
				<Compiler>
					<Add option="-D_VARIADIC_MAX=10" />
					<Add directory="../../test/InverseDynamics" />
					<Add directory="../../src" />
					<Add directory="../../examples/InverseDynamics" />
					<Add directory="../../examples/ThirdPartyLibs" />
					<Add directory="../../Extras/InverseDynamics" />
					<Add directory="../../test/gtest-1.7.0/include" />
				</Compiler>
				<Linker>
					<Add library="../../bin/BulletDynamics_vs2010_x64_release.lib" />
					<Add library="../../bin/BulletCollision_vs2010_x64_release.lib" />
					<Add library="../../bin/BulletInverseDynamicsUtils_vs2010_x64_release.lib" />
					<Add library="../../bin/BulletInverseDynamics_vs2010_x64_release.lib" />
					<Add library="../../bin/Bullet3Common_vs2010_x64_release.lib" />
					<Add library="../../bin/LinearMath_vs2010_x64_release.lib" />
					<Add library="../../bin/gtest_vs2010_x64_release.lib" />
				</Linker>
			</Target>
			<Target title="Release Win32">
				<Option output="Test_InverseForwardDynamics" prefix_auto="1" extension_auto="1" />
				<Option type="0" />
				<Option compiler="gcc" />
				<Compiler>
					<Add option="-D_VARIADIC_MAX=10" />
					<Add directory="../../test/InverseDynamics" />
					<Add directory="../../src" />
					<Add directory="../../examples/InverseDynamics" />
					<Add directory="../../examples/ThirdPartyLibs" />
					<Add directory="../../Extras/InverseDynamics" />
					<Add directory="../../test/gtest-1.7.0/include" />
				</Compiler>
				<Linker>
					<Add library="../../bin/BulletDynamics_vs2010.lib" />
					<Add library="../../bin/BulletCollision_vs2010.lib" />
					<Add library="../../bin/BulletInverseDynamicsUtils_vs2010.lib" />
					<Add library="../../bin/BulletInverseDynamics_vs2010.lib" />
					<Add library="../../bin/Bullet3Common_vs2010.lib" />
					<Add library="../../bin/LinearMath_vs2010.lib" />
					<Add library="../../bin/gtest_vs2010.lib" />
				</Linker>
			</Target>
		</Build>
		<Unit filename="../../Extras/Serialize/BulletFileLoader/CMakeLists.txt" />
		<Unit filename="../../Extras/Serialize/BulletFileLoader/bChunk.cpp" />
		<Unit filename="../../Extras/Serialize/BulletFileLoader/bChunk.h" />
		<Unit filename="../../Extras/Serialize/BulletFileLoader/bCommon.h" />
		<Unit filename="../../Extras/Serialize/BulletFileLoader/bDNA.cpp" />
		<Unit filename="../../Extras/Serialize/BulletFileLoader/bDNA.h" />
		<Unit filename="../../Extras/Serialize/BulletFileLoader/bDefines.h" />
		<Unit filename="../../Extras/Serialize/BulletFileLoader/bFile.cpp" />
		<Unit filename="../../Extras/Serialize/BulletFileLoader/bFile.h" />
		<Unit filename="../../Extras/Serialize/BulletFileLoader/btBulletFile.cpp" />
		<Unit filename="../../Extras/Serialize/BulletFileLoader/btBulletFile.h" />
		<Unit filename="../../Extras/Serialize/BulletFileLoader/premake4.lua" />
		<Unit filename="../../Extras/Serialize/BulletWorldImporter/CMakeLists.txt" />
		<Unit filename="../../Extras/Serialize/BulletWorldImporter/btBulletWorldImporter.cpp" />
		<Unit filename="../../Extras/Serialize/BulletWorldImporter/btBulletWorldImporter.h" />
		<Unit filename="../../Extras/Serialize/BulletWorldImporter/btWorldImporter.cpp" />
		<Unit filename="../../Extras/Serialize/BulletWorldImporter/btWorldImporter.h" />
		<Unit filename="../../Extras/Serialize/BulletWorldImporter/premake4.lua" />
		<Unit filename="../../examples/Importers/ImportColladaDemo/ColladaGraphicsInstance.h" />
		<Unit filename="../../examples/Importers/ImportColladaDemo/LoadMeshFromCollada.cpp" />
		<Unit filename="../../examples/Importers/ImportMeshUtility/b3ImportMeshUtility.cpp" />
		<Unit filename="../../examples/Importers/ImportObjDemo/LoadMeshFromObj.cpp" />
		<Unit filename="../../examples/Importers/ImportObjDemo/Wavefront2GLInstanceGraphicsShape.cpp" />
		<Unit filename="../../examples/Importers/ImportSTLDemo/ImportSTLSetup.h" />
		<Unit filename="../../examples/Importers/ImportSTLDemo/LoadMeshFromSTL.h" />
		<Unit filename="../../examples/Importers/ImportURDFDemo/BulletUrdfImporter.cpp" />
		<Unit filename="../../examples/Importers/ImportURDFDemo/BulletUrdfImporter.h" />
		<Unit filename="../../examples/Importers/ImportURDFDemo/ConvertRigidBodies2MultiBody.h" />
		<Unit filename="../../examples/Importers/ImportURDFDemo/MultiBodyCreationInterface.h" />
		<Unit filename="../../examples/Importers/ImportURDFDemo/MyMultiBodyCreator.cpp" />
		<Unit filename="../../examples/Importers/ImportURDFDemo/MyMultiBodyCreator.h" />
		<Unit filename="../../examples/Importers/ImportURDFDemo/URDF2Bullet.cpp" />
		<Unit filename="../../examples/Importers/ImportURDFDemo/URDF2Bullet.h" />
		<Unit filename="../../examples/Importers/ImportURDFDemo/URDFImporterInterface.h" />
		<Unit filename="../../examples/Importers/ImportURDFDemo/URDFJointTypes.h" />
		<Unit filename="../../examples/Importers/ImportURDFDemo/UrdfParser.cpp" />
		<Unit filename="../../examples/Importers/ImportURDFDemo/UrdfParser.h" />
		<Unit filename="../../examples/Importers/ImportURDFDemo/urdfStringSplit.cpp" />
		<Unit filename="../../examples/ThirdPartyLibs/Wavefront/tiny_obj_loader.cpp" />
		<Unit filename="../../examples/ThirdPartyLibs/stb_image/stb_image.cpp" />
		<Unit filename="../../examples/ThirdPartyLibs/tinyxml/tinystr.cpp" />
		<Unit filename="../../examples/ThirdPartyLibs/tinyxml/tinyxml.cpp" />
		<Unit filename="../../examples/ThirdPartyLibs/tinyxml/tinyxmlerror.cpp" />
		<Unit filename="../../examples/ThirdPartyLibs/tinyxml/tinyxmlparser.cpp" />
		<Unit filename="../../examples/ThirdPartyLibs/urdf/boost_replacement/lexical_cast.h" />
		<Unit filename="../../examples/Utils/b3Clock.cpp" />
		<Unit filename="../../examples/Utils/b3ResourcePath.cpp" />
		<Unit filename="../../test/InverseDynamics/test_invdyn_bullet.cpp" />
		<Extensions>
			<code_completion />
			<envvars />
			<debugger />
		</Extensions>
	</Project>
</CodeBlocks_project_file>
