<?xml version="1.0" encoding="utf-8"?>
<Project ToolsVersion="4.0" xmlns="http://schemas.microsoft.com/developer/msbuild/2003">
  <ItemGroup>
    <Filter Include="test">
      <UniqueIdentifier>{9CF0A280-3E09-0445-8FCE-43D05D498214}</UniqueIdentifier>
    </Filter>
    <Filter Include="test\enet">
      <UniqueIdentifier>{091101E8-43ED-C440-8693-1F56B1A07CF6}</UniqueIdentifier>
    </Filter>
    <Filter Include="test\enet\nat_punchthrough">
      <UniqueIdentifier>{A504A4BB-113F-E24E-AC0C-C157937B6D1E}</UniqueIdentifier>
    </Filter>
    <Filter Include="test\enet\nat_punchthrough\client">
      <UniqueIdentifier>{1A83734E-34A0-1E4E-AA90-64A4E4164FD5}</UniqueIdentifier>
    </Filter>
  </ItemGroup>
  <ItemGroup>
    <ClCompile Include="..\..\test\enet\nat_punchthrough\client\main.cpp">
      <Filter>test\enet\nat_punchthrough\client</Filter>
    </ClCompile>
  </ItemGroup>
</Project>
